// !$*UTF8*$!
{
	archiveVersion = 1;
	classes = {
	};
	objectVersion = 50;
	objects = {

/* Begin PBXBuildFile section */
		905E9C4925897B870090BFC6 /* AppDelegate.swift in Sources */ = {isa = PBXBuildFile; fileRef = 905E9C4825897B870090BFC6 /* AppDelegate.swift */; };
		905E9C4B25897B870090BFC6 /* SceneDelegate.swift in Sources */ = {isa = PBXBuildFile; fileRef = 905E9C4A25897B870090BFC6 /* SceneDelegate.swift */; };
		905E9C4D25897B870090BFC6 /* ContentView.swift in Sources */ = {isa = PBXBuildFile; fileRef = 905E9C4C25897B870090BFC6 /* ContentView.swift */; };
		905E9C5025897B870090BFC6 /* LinkCollector.xcdatamodeld in Sources */ = {isa = PBXBuildFile; fileRef = 905E9C4E25897B870090BFC6 /* LinkCollector.xcdatamodeld */; };
		905E9C5225897B890090BFC6 /* Assets.xcassets in Resources */ = {isa = PBXBuildFile; fileRef = 905E9C5125897B890090BFC6 /* Assets.xcassets */; };
		905E9C5525897B890090BFC6 /* Preview Assets.xcassets in Resources */ = {isa = PBXBuildFile; fileRef = 905E9C5425897B890090BFC6 /* Preview Assets.xcassets */; };
		905E9C5825897B890090BFC6 /* LaunchScreen.storyboard in Resources */ = {isa = PBXBuildFile; fileRef = 905E9C5625897B890090BFC6 /* LaunchScreen.storyboard */; };
/* End PBXBuildFile section */

/* Begin PBXFileReference section */
		905E9C4525897B870090BFC6 /* LinkCollector.app */ = {isa = PBXFileReference; explicitFileType = wrapper.application; includeInIndex = 0; path = LinkCollector.app; sourceTree = BUILT_PRODUCTS_DIR; };
		905E9C4825897B870090BFC6 /* AppDelegate.swift */ = {isa = PBXFileReference; lastKnownFileType = sourcecode.swift; path = AppDelegate.swift; sourceTree = "<group>"; };
		905E9C4A25897B870090BFC6 /* SceneDelegate.swift */ = {isa = PBXFileReference; lastKnownFileType = sourcecode.swift; path = SceneDelegate.swift; sourceTree = "<group>"; };
		905E9C4C25897B870090BFC6 /* ContentView.swift */ = {isa = PBXFileReference; lastKnownFileType = sourcecode.swift; path = ContentView.swift; sourceTree = "<group>"; };
		905E9C4F25897B870090BFC6 /* LinkCollector.xcdatamodel */ = {isa = PBXFileReference; lastKnownFileType = wrapper.xcdatamodel; path = LinkCollector.xcdatamodel; sourceTree = "<group>"; };
		905E9C5125897B890090BFC6 /* Assets.xcassets */ = {isa = PBXFileReference; lastKnownFileType = folder.assetcatalog; path = Assets.xcassets; sourceTree = "<group>"; };
		905E9C5425897B890090BFC6 /* Preview Assets.xcassets */ = {isa = PBXFileReference; lastKnownFileType = folder.assetcatalog; path = "Preview Assets.xcassets"; sourceTree = "<group>"; };
		905E9C5725897B890090BFC6 /* Base */ = {isa = PBXFileReference; lastKnownFileType = file.storyboard; name = Base; path = Base.lproj/LaunchScreen.storyboard; sourceTree = "<group>"; };
		905E9C5925897B890090BFC6 /* Info.plist */ = {isa = PBXFileReference; lastKnownFileType = text.plist.xml; path = Info.plist; sourceTree = "<group>"; };
/* End PBXFileReference section */

/* Begin PBXFrameworksBuildPhase section */
		905E9C4225897B870090BFC6 /* Frameworks */ = {
			isa = PBXFrameworksBuildPhase;
			buildActionMask = 2147483647;
			files = (
			);
			runOnlyForDeploymentPostprocessing = 0;
		};
/* End PBXFrameworksBuildPhase section */

/* Begin PBXGroup section */
		905E9C3C25897B870090BFC6 = {
			isa = PBXGroup;
			children = (
				905E9C4725897B870090BFC6 /* LinkCollector */,
				905E9C4625897B870090BFC6 /* Products */,
			);
			sourceTree = "<group>";
		};
		905E9C4625897B870090BFC6 /* Products */ = {
			isa = PBXGroup;
			children = (
				905E9C4525897B870090BFC6 /* LinkCollector.app */,
			);
			name = Products;
			sourceTree = "<group>";
		};
		905E9C4725897B870090BFC6 /* LinkCollector */ = {
			isa = PBXGroup;
			children = (
				905E9C4825897B870090BFC6 /* AppDelegate.swift */,
				905E9C4A25897B870090BFC6 /* SceneDelegate.swift */,
				905E9C4C25897B870090BFC6 /* ContentView.swift */,
				905E9C5125897B890090BFC6 /* Assets.xcassets */,
				905E9C5625897B890090BFC6 /* LaunchScreen.storyboard */,
				905E9C5925897B890090BFC6 /* Info.plist */,
				905E9C4E25897B870090BFC6 /* LinkCollector.xcdatamodeld */,
				905E9C5325897B890090BFC6 /* Preview Content */,
			);
			path = LinkCollector;
			sourceTree = "<group>";
		};
		905E9C5325897B890090BFC6 /* Preview Content */ = {
			isa = PBXGroup;
			children = (
				905E9C5425897B890090BFC6 /* Preview Assets.xcassets */,
			);
			path = "Preview Content";
			sourceTree = "<group>";
		};
/* End PBXGroup section */

/* Begin PBXNativeTarget section */
		905E9C4425897B870090BFC6 /* LinkCollector */ = {
			isa = PBXNativeTarget;
			buildConfigurationList = 905E9C5C25897B890090BFC6 /* Build configuration list for PBXNativeTarget "LinkCollector" */;
			buildPhases = (
				905E9C4125897B870090BFC6 /* Sources */,
				905E9C4225897B870090BFC6 /* Frameworks */,
				905E9C4325897B870090BFC6 /* Resources */,
			);
			buildRules = (
			);
			dependencies = (
			);
			name = LinkCollector;
			productName = LinkCollector;
			productReference = 905E9C4525897B870090BFC6 /* LinkCollector.app */;
			productType = "com.apple.product-type.application";
		};
/* End PBXNativeTarget section */

/* Begin PBXProject section */
		905E9C3D25897B870090BFC6 /* Project object */ = {
			isa = PBXProject;
			attributes = {
				LastSwiftUpdateCheck = 1230;
				LastUpgradeCheck = 1230;
				TargetAttributes = {
					905E9C4425897B870090BFC6 = {
						CreatedOnToolsVersion = 12.3;
					};
				};
			};
			buildConfigurationList = 905E9C4025897B870090BFC6 /* Build configuration list for PBXProject "LinkCollector" */;
			compatibilityVersion = "Xcode 9.3";
			developmentRegion = en;
			hasScannedForEncodings = 0;
			knownRegions = (
				en,
				Base,
			);
			mainGroup = 905E9C3C25897B870090BFC6;
			productRefGroup = 905E9C4625897B870090BFC6 /* Products */;
			projectDirPath = "";
			projectRoot = "";
			targets = (
				905E9C4425897B870090BFC6 /* LinkCollector */,
			);
		};
/* End PBXProject section */

/* Begin PBXResourcesBuildPhase section */
		905E9C4325897B870090BFC6 /* Resources */ = {
			isa = PBXResourcesBuildPhase;
			buildActionMask = 2147483647;
			files = (
				905E9C5825897B890090BFC6 /* LaunchScreen.storyboard in Resources */,
				905E9C5525897B890090BFC6 /* Preview Assets.xcassets in Resources */,
				905E9C5225897B890090BFC6 /* Assets.xcassets in Resources */,
			);
			runOnlyForDeploymentPostprocessing = 0;
		};
/* End PBXResourcesBuildPhase section */

/* Begin PBXSourcesBuildPhase section */
		905E9C4125897B870090BFC6 /* Sources */ = {
			isa = PBXSourcesBuildPhase;
			buildActionMask = 2147483647;
			files = (
				905E9C4925897B870090BFC6 /* AppDelegate.swift in Sources */,
				905E9C4B25897B870090BFC6 /* SceneDelegate.swift in Sources */,
				905E9C4D25897B870090BFC6 /* ContentView.swift in Sources */,
				905E9C5025897B870090BFC6 /* LinkCollector.xcdatamodeld in Sources */,
			);
			runOnlyForDeploymentPostprocessing = 0;
		};
/* End PBXSourcesBuildPhase section */

/* Begin PBXVariantGroup section */
		905E9C5625897B890090BFC6 /* LaunchScreen.storyboard */ = {
			isa = PBXVariantGroup;
			children = (
				905E9C5725897B890090BFC6 /* Base */,
			);
			name = LaunchScreen.storyboard;
			sourceTree = "<group>";
		};
/* End PBXVariantGroup section */

/* Begin XCBuildConfiguration section */
		905E9C5A25897B890090BFC6 /* Debug */ = {
			isa = XCBuildConfiguration;
			buildSettings = {
				ALWAYS_SEARCH_USER_PATHS = NO;
				CLANG_ANALYZER_NONNULL = YES;
				CLANG_ANALYZER_NUMBER_OBJECT_CONVERSION = YES_AGGRESSIVE;
				CLANG_CXX_LANGUAGE_STANDARD = "gnu++14";
				CLANG_CXX_LIBRARY = "libc++";
				CLANG_ENABLE_MODULES = YES;
				CLANG_ENABLE_OBJC_ARC = YES;
				CLANG_ENABLE_OBJC_WEAK = YES;
				CLANG_WARN_BLOCK_CAPTURE_AUTORELEASING = YES;
				CLANG_WARN_BOOL_CONVERSION = YES;
				CLANG_WARN_COMMA = YES;
				CLANG_WARN_CONSTANT_CONVERSION = YES;
				CLANG_WARN_DEPRECATED_OBJC_IMPLEMENTATIONS = YES;
				CLANG_WARN_DIRECT_OBJC_ISA_USAGE = YES_ERROR;
				CLANG_WARN_DOCUMENTATION_COMMENTS = YES;
				CLANG_WARN_EMPTY_BODY = YES;
				CLANG_WARN_ENUM_CONVERSION = YES;
				CLANG_WARN_INFINITE_RECURSION = YES;
				CLANG_WARN_INT_CONVERSION = YES;
				CLANG_WARN_NON_LITERAL_NULL_CONVERSION = YES;
				CLANG_WARN_OBJC_IMPLICIT_RETAIN_SELF = YES;
				CLANG_WARN_OBJC_LITERAL_CONVERSION = YES;
				CLANG_WARN_OBJC_ROOT_CLASS = YES_ERROR;
				CLANG_WARN_QUOTED_INCLUDE_IN_FRAMEWORK_HEADER = YES;
				CLANG_WARN_RANGE_LOOP_ANALYSIS = YES;
				CLANG_WARN_STRICT_PROTOTYPES = YES;
				CLANG_WARN_SUSPICIOUS_MOVE = YES;
				CLANG_WARN_UNGUARDED_AVAILABILITY = YES_AGGRESSIVE;
				CLANG_WARN_UNREACHABLE_CODE = YES;
				CLANG_WARN__DUPLICATE_METHOD_MATCH = YES;
				COPY_PHASE_STRIP = NO;
				DEBUG_INFORMATION_FORMAT = dwarf;
				ENABLE_STRICT_OBJC_MSGSEND = YES;
				ENABLE_TESTABILITY = YES;
				GCC_C_LANGUAGE_STANDARD = gnu11;
				GCC_DYNAMIC_NO_PIC = NO;
				GCC_NO_COMMON_BLOCKS = YES;
				GCC_OPTIMIZATION_LEVEL = 0;
				GCC_PREPROCESSOR_DEFINITIONS = (
					"DEBUG=1",
					"$(inherited)",
				);
				GCC_WARN_64_TO_32_BIT_CONVERSION = YES;
				GCC_WARN_ABOUT_RETURN_TYPE = YES_ERROR;
				GCC_WARN_UNDECLARED_SELECTOR = YES;
				GCC_WARN_UNINITIALIZED_AUTOS = YES_AGGRESSIVE;
				GCC_WARN_UNUSED_FUNCTION = YES;
				GCC_WARN_UNUSED_VARIABLE = YES;
				IPHONEOS_DEPLOYMENT_TARGET = 14.3;
				MTL_ENABLE_DEBUG_INFO = INCLUDE_SOURCE;
				MTL_FAST_MATH = YES;
				ONLY_ACTIVE_ARCH = YES;
				SDKROOT = iphoneos;
				SWIFT_ACTIVE_COMPILATION_CONDITIONS = DEBUG;
				SWIFT_OPTIMIZATION_LEVEL = "-Onone";
			};
			name = Debug;
		};
		905E9C5B25897B890090BFC6 /* Release */ = {
			isa = XCBuildConfiguration;
			buildSettings = {
				ALWAYS_SEARCH_USER_PATHS = NO;
				CLANG_ANALYZER_NONNULL = YES;
				CLANG_ANALYZER_NUMBER_OBJECT_CONVERSION = YES_AGGRESSIVE;
				CLANG_CXX_LANGUAGE_STANDARD = "gnu++14";
				CLANG_CXX_LIBRARY = "libc++";
				CLANG_ENABLE_MODULES = YES;
				CLANG_ENABLE_OBJC_ARC = YES;
				CLANG_ENABLE_OBJC_WEAK = YES;
				CLANG_WARN_BLOCK_CAPTURE_AUTORELEASING = YES;
				CLANG_WARN_BOOL_CONVERSION = YES;
				CLANG_WARN_COMMA = YES;
				CLANG_WARN_CONSTANT_CONVERSION = YES;
				CLANG_WARN_DEPRECATED_OBJC_IMPLEMENTATIONS = YES;
				CLANG_WARN_DIRECT_OBJC_ISA_USAGE = YES_ERROR;
				CLANG_WARN_DOCUMENTATION_COMMENTS = YES;
				CLANG_WARN_EMPTY_BODY = YES;
				CLANG_WARN_ENUM_CONVERSION = YES;
				CLANG_WARN_INFINITE_RECURSION = YES;
				CLANG_WARN_INT_CONVERSION = YES;
				CLANG_WARN_NON_LITERAL_NULL_CONVERSION = YES;
				CLANG_WARN_OBJC_IMPLICIT_RETAIN_SELF = YES;
				CLANG_WARN_OBJC_LITERAL_CONVERSION = YES;
				CLANG_WARN_OBJC_ROOT_CLASS = YES_ERROR;
				CLANG_WARN_QUOTED_INCLUDE_IN_FRAMEWORK_HEADER = YES;
				CLANG_WARN_RANGE_LOOP_ANALYSIS = YES;
				CLANG_WARN_STRICT_PROTOTYPES = YES;
				CLANG_WARN_SUSPICIOUS_MOVE = YES;
				CLANG_WARN_UNGUARDED_AVAILABILITY = YES_AGGRESSIVE;
				CLANG_WARN_UNREACHABLE_CODE = YES;
				CLANG_WARN__DUPLICATE_METHOD_MATCH = YES;
				COPY_PHASE_STRIP = NO;
				DEBUG_INFORMATION_FORMAT = "dwarf-with-dsym";
				ENABLE_NS_ASSERTIONS = NO;
				ENABLE_STRICT_OBJC_MSGSEND = YES;
				GCC_C_LANGUAGE_STANDARD = gnu11;
				GCC_NO_COMMON_BLOCKS = YES;
				GCC_WARN_64_TO_32_BIT_CONVERSION = YES;
				GCC_WARN_ABOUT_RETURN_TYPE = YES_ERROR;
				GCC_WARN_UNDECLARED_SELECTOR = YES;
				GCC_WARN_UNINITIALIZED_AUTOS = YES_AGGRESSIVE;
				GCC_WARN_UNUSED_FUNCTION = YES;
				GCC_WARN_UNUSED_VARIABLE = YES;
				IPHONEOS_DEPLOYMENT_TARGET = 14.3;
				MTL_ENABLE_DEBUG_INFO = NO;
				MTL_FAST_MATH = YES;
				SDKROOT = iphoneos;
				SWIFT_COMPILATION_MODE = wholemodule;
				SWIFT_OPTIMIZATION_LEVEL = "-O";
				VALIDATE_PRODUCT = YES;
			};
			name = Release;
		};
		905E9C5D25897B890090BFC6 /* Debug */ = {
			isa = XCBuildConfiguration;
			buildSettings = {
				ASSETCATALOG_COMPILER_APPICON_NAME = AppIcon;
				ASSETCATALOG_COMPILER_GLOBAL_ACCENT_COLOR_NAME = AccentColor;
				CODE_SIGN_STYLE = Automatic;
				DEVELOPMENT_ASSET_PATHS = "\"LinkCollector/Preview Content\"";
				DEVELOPMENT_TEAM = RWVTTVMWBE;
				ENABLE_PREVIEWS = YES;
				INFOPLIST_FILE = LinkCollector/Info.plist;
				LD_RUNPATH_SEARCH_PATHS = (
					"$(inherited)",
					"@executable_path/Frameworks",
				);
				PRODUCT_BUNDLE_IDENTIFIER = com.resonance.LinkCollector;
				PRODUCT_NAME = "$(TARGET_NAME)";
				SWIFT_VERSION = 5.0;
				TARGETED_DEVICE_FAMILY = "1,2";
			};
			name = Debug;
		};
		905E9C5E25897B890090BFC6 /* Release */ = {
			isa = XCBuildConfiguration;
			buildSettings = {
				ASSETCATALOG_COMPILER_APPICON_NAME = AppIcon;
				ASSETCATALOG_COMPILER_GLOBAL_ACCENT_COLOR_NAME = AccentColor;
				CODE_SIGN_STYLE = Automatic;
				DEVELOPMENT_ASSET_PATHS = "\"LinkCollector/Preview Content\"";
				DEVELOPMENT_TEAM = RWVTTVMWBE;
				ENABLE_PREVIEWS = YES;
				INFOPLIST_FILE = LinkCollector/Info.plist;
				LD_RUNPATH_SEARCH_PATHS = (
					"$(inherited)",
					"@executable_path/Frameworks",
				);
				PRODUCT_BUNDLE_IDENTIFIER = com.resonance.LinkCollector;
				PRODUCT_NAME = "$(TARGET_NAME)";
				SWIFT_VERSION = 5.0;
				TARGETED_DEVICE_FAMILY = "1,2";
			};
			name = Release;
		};
/* End XCBuildConfiguration section */

/* Begin XCConfigurationList section */
		905E9C4025897B870090BFC6 /* Build configuration list for PBXProject "LinkCollector" */ = {
			isa = XCConfigurationList;
			buildConfigurations = (
				905E9C5A25897B890090BFC6 /* Debug */,
				905E9C5B25897B890090BFC6 /* Release */,
			);
			defaultConfigurationIsVisible = 0;
			defaultConfigurationName = Release;
		};
		905E9C5C25897B890090BFC6 /* Build configuration list for PBXNativeTarget "LinkCollector" */ = {
			isa = XCConfigurationList;
			buildConfigurations = (
				905E9C5D25897B890090BFC6 /* Debug */,
				905E9C5E25897B890090BFC6 /* Release */,
			);
			defaultConfigurationIsVisible = 0;
			defaultConfigurationName = Release;
		};
/* End XCConfigurationList section */

/* Begin XCVersionGroup section */
		905E9C4E25897B870090BFC6 /* LinkCollector.xcdatamodeld */ = {
			isa = XCVersionGroup;
			children = (
				905E9C4F25897B870090BFC6 /* LinkCollector.xcdatamodel */,
			);
			currentVersion = 905E9C4F25897B870090BFC6 /* LinkCollector.xcdatamodel */;
			path = LinkCollector.xcdatamodeld;
			sourceTree = "<group>";
			versionGroupType = wrapper.xcdatamodel;
		};
/* End XCVersionGroup section */
	};
	rootObject = 905E9C3D25897B870090BFC6 /* Project object */;
}
