// !$*UTF8*$!
{
	archiveVersion = 1;
	classes = {
	};
	objectVersion = 70;
	objects = {

/* Begin PBXBuildFile section */
		9009B7CF258C0F45001B4A3F /* LinkDetailView.swift in Sources */ = {isa = PBXBuildFile; fileRef = 9009B7CE258C0F45001B4A3F /* LinkDetailView.swift */; };
		9009B7D2258C1715001B4A3F /* AddLinkView.swift in Sources */ = {isa = PBXBuildFile; fileRef = 9009B7D1258C1715001B4A3F /* AddLinkView.swift */; };
		900BF905281F43070046839D /* LinkCollector.xcdatamodeld in Sources */ = {isa = PBXBuildFile; fileRef = 905E9C4E25897B870090BFC6 /* LinkCollector.xcdatamodeld */; };
		900EA7BB28305A380055CBC4 /* LinkPilerConstants.swift in Sources */ = {isa = PBXBuildFile; fileRef = 900EA7BA28305A380055CBC4 /* LinkPilerConstants.swift */; };
		900EA7BE28305AD80055CBC4 /* LinkPilerConstants.swift in Sources */ = {isa = PBXBuildFile; fileRef = 900EA7BA28305A380055CBC4 /* LinkPilerConstants.swift */; };
		900EA7BF28305AD80055CBC4 /* LinkPilerConstants.swift in Sources */ = {isa = PBXBuildFile; fileRef = 900EA7BA28305A380055CBC4 /* LinkPilerConstants.swift */; };
		900F3FF726D8671900C63590 /* TagLabel.swift in Sources */ = {isa = PBXBuildFile; fileRef = 900F3FF626D8671900C63590 /* TagLabel.swift */; };
		900F3FF926D86A0600C63590 /* NoteLabel.swift in Sources */ = {isa = PBXBuildFile; fileRef = 900F3FF826D86A0600C63590 /* NoteLabel.swift */; };
		900F3FFB26D86AA500C63590 /* TitleLabel.swift in Sources */ = {isa = PBXBuildFile; fileRef = 900F3FFA26D86AA500C63590 /* TitleLabel.swift */; };
		900F3FFD26D86B6300C63590 /* LocationLabel.swift in Sources */ = {isa = PBXBuildFile; fileRef = 900F3FFC26D86B6300C63590 /* LocationLabel.swift */; };
		90208720281DEE1D005A5264 /* Provider.swift in Sources */ = {isa = PBXBuildFile; fileRef = 9020871E281DEE19005A5264 /* Provider.swift */; };
		90208721281DEE38005A5264 /* WidgetEntryView.swift in Sources */ = {isa = PBXBuildFile; fileRef = 9020871C281DEDD1005A5264 /* WidgetEntryView.swift */; };
		9023C38B280E16010055E322 /* WidgetEntry.swift in Sources */ = {isa = PBXBuildFile; fileRef = 9023C38A280E16010055E322 /* WidgetEntry.swift */; };
		9023C38C280E16130055E322 /* WidgetEntry.swift in Sources */ = {isa = PBXBuildFile; fileRef = 9023C38A280E16010055E322 /* WidgetEntry.swift */; };
		9023F553258ECA3300192D42 /* LinkCollectorViewModel.swift in Sources */ = {isa = PBXBuildFile; fileRef = 9023F552258ECA3300192D42 /* LinkCollectorViewModel.swift */; };
		902C9B8726C063000071CADB /* ShareViewController.swift in Sources */ = {isa = PBXBuildFile; fileRef = 902C9B8626C063000071CADB /* ShareViewController.swift */; };
		902C9B8A26C063000071CADB /* MainInterface.storyboard in Resources */ = {isa = PBXBuildFile; fileRef = 902C9B8826C063000071CADB /* MainInterface.storyboard */; };
		902C9B8E26C063000071CADB /* LinkPilerShareExtension.appex in Embed Foundation Extensions */ = {isa = PBXBuildFile; fileRef = 902C9B8426C063000071CADB /* LinkPilerShareExtension.appex */; platformFilter = ios; settings = {ATTRIBUTES = (RemoveHeadersOnCopy, ); }; };
		902C9B9626C06EC70071CADB /* LinkCollectorShareExtension.js in Resources */ = {isa = PBXBuildFile; fileRef = 902C9B9526C06EC70071CADB /* LinkCollectorShareExtension.js */; };
		9030552E282C70610081E026 /* DateRangePickerView.swift in Sources */ = {isa = PBXBuildFile; fileRef = 9030552D282C70610081E026 /* DateRangePickerView.swift */; };
		9037CEFF2857D34100B5C7C9 /* Persistence in Frameworks */ = {isa = PBXBuildFile; productRef = 9037CEFE2857D34100B5C7C9 /* Persistence */; };
		903A4073282862F70080E46A /* LinkListView.swift in Sources */ = {isa = PBXBuildFile; fileRef = 903A4072282862F70080E46A /* LinkListView.swift */; };
		903A4075282864380080E46A /* SelectTagsView.swift in Sources */ = {isa = PBXBuildFile; fileRef = 903A4074282864380080E46A /* SelectTagsView.swift */; };
		903C7292280CC8A500FD7F71 /* WidgetKit.framework in Frameworks */ = {isa = PBXBuildFile; fileRef = 903C7291280CC8A500FD7F71 /* WidgetKit.framework */; };
		903C7294280CC8A500FD7F71 /* SwiftUI.framework in Frameworks */ = {isa = PBXBuildFile; fileRef = 903C7293280CC8A500FD7F71 /* SwiftUI.framework */; };
		903C7297280CC8A500FD7F71 /* LinkPilerWidget.swift in Sources */ = {isa = PBXBuildFile; fileRef = 903C7296280CC8A500FD7F71 /* LinkPilerWidget.swift */; };
		903C7299280CC8A800FD7F71 /* Assets.xcassets in Resources */ = {isa = PBXBuildFile; fileRef = 903C7298280CC8A800FD7F71 /* Assets.xcassets */; };
		903C729D280CC8A800FD7F71 /* LinkPilerWidgetExtension.appex in Embed Foundation Extensions */ = {isa = PBXBuildFile; fileRef = 903C7290280CC8A500FD7F71 /* LinkPilerWidgetExtension.appex */; settings = {ATTRIBUTES = (RemoveHeadersOnCopy, ); }; };
		9042938B286B81AE00DAAC6C /* Persistence in Frameworks */ = {isa = PBXBuildFile; productRef = 9042938A286B81AE00DAAC6C /* Persistence */; };
		90526CF226D0444B00836865 /* TagEntity+Extension.swift in Sources */ = {isa = PBXBuildFile; fileRef = 9081E05726CDD1BF003C43D4 /* TagEntity+Extension.swift */; };
		905E9C4925897B870090BFC6 /* AppDelegate.swift in Sources */ = {isa = PBXBuildFile; fileRef = 905E9C4825897B870090BFC6 /* AppDelegate.swift */; };
		905E9C4D25897B870090BFC6 /* ContentView.swift in Sources */ = {isa = PBXBuildFile; fileRef = 905E9C4C25897B870090BFC6 /* ContentView.swift */; };
		905E9C5025897B870090BFC6 /* LinkCollector.xcdatamodeld in Sources */ = {isa = PBXBuildFile; fileRef = 905E9C4E25897B870090BFC6 /* LinkCollector.xcdatamodeld */; };
		905E9C5225897B890090BFC6 /* Assets.xcassets in Resources */ = {isa = PBXBuildFile; fileRef = 905E9C5125897B890090BFC6 /* Assets.xcassets */; };
		905E9C5525897B890090BFC6 /* Preview Assets.xcassets in Resources */ = {isa = PBXBuildFile; fileRef = 905E9C5425897B890090BFC6 /* Preview Assets.xcassets */; };
		905E9C6325897DE00090BFC6 /* CloudKit.framework in Frameworks */ = {isa = PBXBuildFile; fileRef = 905E9C6225897DE00090BFC6 /* CloudKit.framework */; };
		9078D06D2A9A5DDE0089CA21 /* HTMLParserError.swift in Sources */ = {isa = PBXBuildFile; fileRef = 9078D06C2A9A5DDE0089CA21 /* HTMLParserError.swift */; };
		9078D06E2A9A5DDE0089CA21 /* HTMLParserError.swift in Sources */ = {isa = PBXBuildFile; fileRef = 9078D06C2A9A5DDE0089CA21 /* HTMLParserError.swift */; };
		9078D0702A9A8A880089CA21 /* LinkSpotlightDelegate.swift in Sources */ = {isa = PBXBuildFile; fileRef = 9078D06F2A9A8A880089CA21 /* LinkSpotlightDelegate.swift */; };
		9078D0712A9A8A880089CA21 /* LinkSpotlightDelegate.swift in Sources */ = {isa = PBXBuildFile; fileRef = 9078D06F2A9A8A880089CA21 /* LinkSpotlightDelegate.swift */; };
		9081DB172AA4D9250070729B /* LinkCollectorDownloader.swift in Sources */ = {isa = PBXBuildFile; fileRef = 9081DB162AA4D9250070729B /* LinkCollectorDownloader.swift */; };
		9081DB182AA4D9250070729B /* LinkCollectorDownloader.swift in Sources */ = {isa = PBXBuildFile; fileRef = 9081DB162AA4D9250070729B /* LinkCollectorDownloader.swift */; };
		9081E05826CDD1BF003C43D4 /* TagEntity+Extension.swift in Sources */ = {isa = PBXBuildFile; fileRef = 9081E05726CDD1BF003C43D4 /* TagEntity+Extension.swift */; };
		9092A1E22A957EE600020880 /* PersistenceHelper.swift in Sources */ = {isa = PBXBuildFile; fileRef = 9092A1E12A957EE600020880 /* PersistenceHelper.swift */; };
		9092A1E32A957EE600020880 /* PersistenceHelper.swift in Sources */ = {isa = PBXBuildFile; fileRef = 9092A1E12A957EE600020880 /* PersistenceHelper.swift */; };
		90A290A5258FA519004988D9 /* SwiftSoup in Frameworks */ = {isa = PBXBuildFile; productRef = 90A290A4258FA519004988D9 /* SwiftSoup */; };
		90A290A8258FB663004988D9 /* HTMLParser.swift in Sources */ = {isa = PBXBuildFile; fileRef = 90A290A7258FB663004988D9 /* HTMLParser.swift */; };
		90A290AB258FB695004988D9 /* Title.swift in Sources */ = {isa = PBXBuildFile; fileRef = 90A290AA258FB695004988D9 /* Title.swift */; };
		90A5BB8E26C4776E0044A0EA /* CloudKit.framework in Frameworks */ = {isa = PBXBuildFile; fileRef = 905E9C6225897DE00090BFC6 /* CloudKit.framework */; };
		90A5BB8F26C477C30044A0EA /* LinkCollector.xcdatamodeld in Sources */ = {isa = PBXBuildFile; fileRef = 905E9C4E25897B870090BFC6 /* LinkCollector.xcdatamodeld */; };
		90B3CDB628232F9000BF6354 /* FaviconFinder in Frameworks */ = {isa = PBXBuildFile; productRef = 90B3CDB528232F9000BF6354 /* FaviconFinder */; };
		90B3CDB82823336800BF6354 /* FaviconFinder in Frameworks */ = {isa = PBXBuildFile; productRef = 90B3CDB72823336800BF6354 /* FaviconFinder */; };
		90BAF1602D90BBDA009C9E8B /* LaunchScreen.storyboard in Resources */ = {isa = PBXBuildFile; fileRef = 90BAF15E2D90BBDA009C9E8B /* LaunchScreen.storyboard */; platformFilter = ios; };
		90C30D312829C3C200061A5F /* LinkeEntity+Extension.swift in Sources */ = {isa = PBXBuildFile; fileRef = 90F4833C278116B60085E26B /* LinkeEntity+Extension.swift */; };
		90C30D352829C50100061A5F /* HTMLParser.swift in Sources */ = {isa = PBXBuildFile; fileRef = 90A290A7258FB663004988D9 /* HTMLParser.swift */; };
		90C30D362829C51B00061A5F /* YouTubeOEmbed.swift in Sources */ = {isa = PBXBuildFile; fileRef = 90C68DB3259558F400C78C1E /* YouTubeOEmbed.swift */; };
		90C30D382829CC9500061A5F /* LinkLabel.swift in Sources */ = {isa = PBXBuildFile; fileRef = 90C30D372829CC9500061A5F /* LinkLabel.swift */; };
		90C68DAE2595334600C78C1E /* MapView.swift in Sources */ = {isa = PBXBuildFile; fileRef = 90C68DAD2595334600C78C1E /* MapView.swift */; };
		90C68DB1259538B200C78C1E /* WebView.swift in Sources */ = {isa = PBXBuildFile; fileRef = 90C68DB0259538B200C78C1E /* WebView.swift */; };
		90C68DB4259558F400C78C1E /* YouTubeOEmbed.swift in Sources */ = {isa = PBXBuildFile; fileRef = 90C68DB3259558F400C78C1E /* YouTubeOEmbed.swift */; };
		90C97D702D7CAA51006195A8 /* BookmarkGenerator.swift in Sources */ = {isa = PBXBuildFile; fileRef = 90C97D6F2D7CAA51006195A8 /* BookmarkGenerator.swift */; };
		90C97D712D7CAA51006195A8 /* BookmarkGenerator.swift in Sources */ = {isa = PBXBuildFile; fileRef = 90C97D6F2D7CAA51006195A8 /* BookmarkGenerator.swift */; };
		90C97D732D7CD323006195A8 /* FilterView.swift in Sources */ = {isa = PBXBuildFile; fileRef = 90C97D722D7CD323006195A8 /* FilterView.swift */; };
		90CF0F4026CD710400D1CBF4 /* LinkDTO.swift in Sources */ = {isa = PBXBuildFile; fileRef = 90CF0F3F26CD710400D1CBF4 /* LinkDTO.swift */; };
		90CFB3382D7DDDE100ED620E /* LinkPilerApp.swift in Sources */ = {isa = PBXBuildFile; fileRef = 90CFB3372D7DDDE100ED620E /* LinkPilerApp.swift */; };
		90CFB33A2D7E056100ED620E /* SearchHelper.swift in Sources */ = {isa = PBXBuildFile; fileRef = 90CFB3392D7E056100ED620E /* SearchHelper.swift */; };
		90CFB33B2D7E056100ED620E /* SearchHelper.swift in Sources */ = {isa = PBXBuildFile; fileRef = 90CFB3392D7E056100ED620E /* SearchHelper.swift */; };
		90CFB33D2D7E0DEA00ED620E /* SearchAttributeSet.swift in Sources */ = {isa = PBXBuildFile; fileRef = 90CFB33C2D7E0DE400ED620E /* SearchAttributeSet.swift */; };
		90CFB33E2D7E0DEA00ED620E /* SearchAttributeSet.swift in Sources */ = {isa = PBXBuildFile; fileRef = 90CFB33C2D7E0DE400ED620E /* SearchAttributeSet.swift */; };
		90D25DC026CEE1D5007F7819 /* AddTagView.swift in Sources */ = {isa = PBXBuildFile; fileRef = 90D25DBF26CEE1D5007F7819 /* AddTagView.swift */; };
		90D25DC226CEF2BB007F7819 /* TagDTO.swift in Sources */ = {isa = PBXBuildFile; fileRef = 90D25DC126CEF2BB007F7819 /* TagDTO.swift */; };
		90DBCD8C2D93691C0059D2E2 /* LinkPilerShareExtensionMac.appex in Embed Foundation Extensions */ = {isa = PBXBuildFile; fileRef = 90DBCD7F2D93691C0059D2E2 /* LinkPilerShareExtensionMac.appex */; platformFilters = (macos, ); settings = {ATTRIBUTES = (RemoveHeadersOnCopy, ); }; };
		90F4833D278116B60085E26B /* LinkeEntity+Extension.swift in Sources */ = {isa = PBXBuildFile; fileRef = 90F4833C278116B60085E26B /* LinkeEntity+Extension.swift */; };
		90F4833E278116DE0085E26B /* LinkeEntity+Extension.swift in Sources */ = {isa = PBXBuildFile; fileRef = 90F4833C278116B60085E26B /* LinkeEntity+Extension.swift */; };
		90F9CCBB26CC619300B875FE /* EditLinkView.swift in Sources */ = {isa = PBXBuildFile; fileRef = 90F9CCBA26CC619300B875FE /* EditLinkView.swift */; };
		90FD202026C95F94008CC190 /* SwiftSoup in Frameworks */ = {isa = PBXBuildFile; productRef = 90FD201F26C95F94008CC190 /* SwiftSoup */; };
		90FD202226C9A78E008CC190 /* TypeIdentifier.swift in Sources */ = {isa = PBXBuildFile; fileRef = 90FD202126C9A78E008CC190 /* TypeIdentifier.swift */; };
/* End PBXBuildFile section */

/* Begin PBXContainerItemProxy section */
		902C9B8C26C063000071CADB /* PBXContainerItemProxy */ = {
			isa = PBXContainerItemProxy;
			containerPortal = 905E9C3D25897B870090BFC6 /* Project object */;
			proxyType = 1;
			remoteGlobalIDString = 902C9B8326C063000071CADB;
			remoteInfo = LinkCollectorShareExtension;
		};
		903C729B280CC8A800FD7F71 /* PBXContainerItemProxy */ = {
			isa = PBXContainerItemProxy;
			containerPortal = 905E9C3D25897B870090BFC6 /* Project object */;
			proxyType = 1;
			remoteGlobalIDString = 903C728F280CC8A500FD7F71;
			remoteInfo = LinkPilerWidgetExtension;
		};
		90DBCD8A2D93691C0059D2E2 /* PBXContainerItemProxy */ = {
			isa = PBXContainerItemProxy;
			containerPortal = 905E9C3D25897B870090BFC6 /* Project object */;
			proxyType = 1;
			remoteGlobalIDString = 90DBCD7E2D93691C0059D2E2;
			remoteInfo = LinkPilerShareExtensionMac;
		};
/* End PBXContainerItemProxy section */

/* Begin PBXCopyFilesBuildPhase section */
		902C9B9326C063000071CADB /* Embed Foundation Extensions */ = {
			isa = PBXCopyFilesBuildPhase;
			buildActionMask = 2147483647;
			dstPath = "";
			dstSubfolderSpec = 13;
			files = (
				902C9B8E26C063000071CADB /* LinkPilerShareExtension.appex in Embed Foundation Extensions */,
				90DBCD8C2D93691C0059D2E2 /* LinkPilerShareExtensionMac.appex in Embed Foundation Extensions */,
				903C729D280CC8A800FD7F71 /* LinkPilerWidgetExtension.appex in Embed Foundation Extensions */,
			);
			name = "Embed Foundation Extensions";
			runOnlyForDeploymentPostprocessing = 0;
		};
/* End PBXCopyFilesBuildPhase section */

/* Begin PBXFileReference section */
		9009B7CE258C0F45001B4A3F /* LinkDetailView.swift */ = {isa = PBXFileReference; lastKnownFileType = sourcecode.swift; path = LinkDetailView.swift; sourceTree = "<group>"; };
		9009B7D1258C1715001B4A3F /* AddLinkView.swift */ = {isa = PBXFileReference; lastKnownFileType = sourcecode.swift; path = AddLinkView.swift; sourceTree = "<group>"; };
		900EA7BA28305A380055CBC4 /* LinkPilerConstants.swift */ = {isa = PBXFileReference; lastKnownFileType = sourcecode.swift; path = LinkPilerConstants.swift; sourceTree = "<group>"; };
		900F3FF626D8671900C63590 /* TagLabel.swift */ = {isa = PBXFileReference; lastKnownFileType = sourcecode.swift; path = TagLabel.swift; sourceTree = "<group>"; };
		900F3FF826D86A0600C63590 /* NoteLabel.swift */ = {isa = PBXFileReference; lastKnownFileType = sourcecode.swift; path = NoteLabel.swift; sourceTree = "<group>"; };
		900F3FFA26D86AA500C63590 /* TitleLabel.swift */ = {isa = PBXFileReference; lastKnownFileType = sourcecode.swift; path = TitleLabel.swift; sourceTree = "<group>"; };
		900F3FFC26D86B6300C63590 /* LocationLabel.swift */ = {isa = PBXFileReference; lastKnownFileType = sourcecode.swift; path = LocationLabel.swift; sourceTree = "<group>"; };
		9020871C281DEDD1005A5264 /* WidgetEntryView.swift */ = {isa = PBXFileReference; lastKnownFileType = sourcecode.swift; path = WidgetEntryView.swift; sourceTree = "<group>"; };
		9020871E281DEE19005A5264 /* Provider.swift */ = {isa = PBXFileReference; lastKnownFileType = sourcecode.swift; path = Provider.swift; sourceTree = "<group>"; };
		9023C38A280E16010055E322 /* WidgetEntry.swift */ = {isa = PBXFileReference; lastKnownFileType = sourcecode.swift; path = WidgetEntry.swift; sourceTree = "<group>"; };
		9023F552258ECA3300192D42 /* LinkCollectorViewModel.swift */ = {isa = PBXFileReference; lastKnownFileType = sourcecode.swift; path = LinkCollectorViewModel.swift; sourceTree = "<group>"; };
		9026D8CE2820893F00D16BAA /* LinkCollector 2.xcdatamodel */ = {isa = PBXFileReference; lastKnownFileType = wrapper.xcdatamodel; path = "LinkCollector 2.xcdatamodel"; sourceTree = "<group>"; };
		902C9B8426C063000071CADB /* LinkPilerShareExtension.appex */ = {isa = PBXFileReference; explicitFileType = "wrapper.app-extension"; includeInIndex = 0; path = LinkPilerShareExtension.appex; sourceTree = BUILT_PRODUCTS_DIR; };
		902C9B8626C063000071CADB /* ShareViewController.swift */ = {isa = PBXFileReference; lastKnownFileType = sourcecode.swift; path = ShareViewController.swift; sourceTree = "<group>"; };
		902C9B8926C063000071CADB /* Base */ = {isa = PBXFileReference; lastKnownFileType = file.storyboard; name = Base; path = Base.lproj/MainInterface.storyboard; sourceTree = "<group>"; };
		902C9B8B26C063000071CADB /* Info.plist */ = {isa = PBXFileReference; lastKnownFileType = text.plist.xml; path = Info.plist; sourceTree = "<group>"; };
		902C9B8F26C063000071CADB /* LinkCollectorShareExtension.entitlements */ = {isa = PBXFileReference; lastKnownFileType = text.plist.entitlements; path = LinkCollectorShareExtension.entitlements; sourceTree = "<group>"; };
		902C9B9526C06EC70071CADB /* LinkCollectorShareExtension.js */ = {isa = PBXFileReference; lastKnownFileType = sourcecode.javascript; path = LinkCollectorShareExtension.js; sourceTree = "<group>"; };
		9030552D282C70610081E026 /* DateRangePickerView.swift */ = {isa = PBXFileReference; lastKnownFileType = sourcecode.swift; path = DateRangePickerView.swift; sourceTree = "<group>"; };
		903A4072282862F70080E46A /* LinkListView.swift */ = {isa = PBXFileReference; lastKnownFileType = sourcecode.swift; path = LinkListView.swift; sourceTree = "<group>"; };
		903A4074282864380080E46A /* SelectTagsView.swift */ = {isa = PBXFileReference; lastKnownFileType = sourcecode.swift; path = SelectTagsView.swift; sourceTree = "<group>"; };
		903C7290280CC8A500FD7F71 /* LinkPilerWidgetExtension.appex */ = {isa = PBXFileReference; explicitFileType = "wrapper.app-extension"; includeInIndex = 0; path = LinkPilerWidgetExtension.appex; sourceTree = BUILT_PRODUCTS_DIR; };
		903C7291280CC8A500FD7F71 /* WidgetKit.framework */ = {isa = PBXFileReference; lastKnownFileType = wrapper.framework; name = WidgetKit.framework; path = System/Library/Frameworks/WidgetKit.framework; sourceTree = SDKROOT; };
		903C7293280CC8A500FD7F71 /* SwiftUI.framework */ = {isa = PBXFileReference; lastKnownFileType = wrapper.framework; name = SwiftUI.framework; path = System/Library/Frameworks/SwiftUI.framework; sourceTree = SDKROOT; };
		903C7296280CC8A500FD7F71 /* LinkPilerWidget.swift */ = {isa = PBXFileReference; lastKnownFileType = sourcecode.swift; path = LinkPilerWidget.swift; sourceTree = "<group>"; };
		903C7298280CC8A800FD7F71 /* Assets.xcassets */ = {isa = PBXFileReference; lastKnownFileType = folder.assetcatalog; path = Assets.xcassets; sourceTree = "<group>"; };
		903C729A280CC8A800FD7F71 /* Info.plist */ = {isa = PBXFileReference; lastKnownFileType = text.plist.xml; path = Info.plist; sourceTree = "<group>"; };
		903C729E280CC8A800FD7F71 /* LinkPilerWidgetExtension.entitlements */ = {isa = PBXFileReference; lastKnownFileType = text.plist.entitlements; path = LinkPilerWidgetExtension.entitlements; sourceTree = "<group>"; };
		905E9C4525897B870090BFC6 /* LinkPiler.app */ = {isa = PBXFileReference; explicitFileType = wrapper.application; includeInIndex = 0; path = LinkPiler.app; sourceTree = BUILT_PRODUCTS_DIR; };
		905E9C4825897B870090BFC6 /* AppDelegate.swift */ = {isa = PBXFileReference; lastKnownFileType = sourcecode.swift; path = AppDelegate.swift; sourceTree = "<group>"; };
		905E9C4C25897B870090BFC6 /* ContentView.swift */ = {isa = PBXFileReference; lastKnownFileType = sourcecode.swift; path = ContentView.swift; sourceTree = "<group>"; };
		905E9C4F25897B870090BFC6 /* LinkCollector.xcdatamodel */ = {isa = PBXFileReference; lastKnownFileType = wrapper.xcdatamodel; path = LinkCollector.xcdatamodel; sourceTree = "<group>"; };
		905E9C5125897B890090BFC6 /* Assets.xcassets */ = {isa = PBXFileReference; lastKnownFileType = folder.assetcatalog; path = Assets.xcassets; sourceTree = "<group>"; };
		905E9C5425897B890090BFC6 /* Preview Assets.xcassets */ = {isa = PBXFileReference; lastKnownFileType = folder.assetcatalog; path = "Preview Assets.xcassets"; sourceTree = "<group>"; };
		905E9C5925897B890090BFC6 /* Info.plist */ = {isa = PBXFileReference; lastKnownFileType = text.plist.xml; path = Info.plist; sourceTree = "<group>"; };
		905E9C6025897D960090BFC6 /* LinkCollector.entitlements */ = {isa = PBXFileReference; lastKnownFileType = text.plist.entitlements; path = LinkCollector.entitlements; sourceTree = "<group>"; };
		905E9C6225897DE00090BFC6 /* CloudKit.framework */ = {isa = PBXFileReference; lastKnownFileType = wrapper.framework; name = CloudKit.framework; path = System/Library/Frameworks/CloudKit.framework; sourceTree = SDKROOT; };
		9078D06C2A9A5DDE0089CA21 /* HTMLParserError.swift */ = {isa = PBXFileReference; lastKnownFileType = sourcecode.swift; path = HTMLParserError.swift; sourceTree = "<group>"; };
		9078D06F2A9A8A880089CA21 /* LinkSpotlightDelegate.swift */ = {isa = PBXFileReference; lastKnownFileType = sourcecode.swift; path = LinkSpotlightDelegate.swift; sourceTree = "<group>"; };
		9081DB162AA4D9250070729B /* LinkCollectorDownloader.swift */ = {isa = PBXFileReference; lastKnownFileType = sourcecode.swift; path = LinkCollectorDownloader.swift; sourceTree = "<group>"; };
		9081E05726CDD1BF003C43D4 /* TagEntity+Extension.swift */ = {isa = PBXFileReference; lastKnownFileType = sourcecode.swift; path = "TagEntity+Extension.swift"; sourceTree = "<group>"; };
		9092A1E12A957EE600020880 /* PersistenceHelper.swift */ = {isa = PBXFileReference; lastKnownFileType = sourcecode.swift; path = PersistenceHelper.swift; sourceTree = "<group>"; };
		90A290A7258FB663004988D9 /* HTMLParser.swift */ = {isa = PBXFileReference; lastKnownFileType = sourcecode.swift; path = HTMLParser.swift; sourceTree = "<group>"; };
		90A290AA258FB695004988D9 /* Title.swift */ = {isa = PBXFileReference; lastKnownFileType = sourcecode.swift; path = Title.swift; sourceTree = "<group>"; };
		90BAF15F2D90BBDA009C9E8B /* Base */ = {isa = PBXFileReference; lastKnownFileType = file.storyboard; name = Base; path = Base.lproj/LaunchScreen.storyboard; sourceTree = "<group>"; };
		90C30D372829CC9500061A5F /* LinkLabel.swift */ = {isa = PBXFileReference; lastKnownFileType = sourcecode.swift; path = LinkLabel.swift; sourceTree = "<group>"; };
		90C68DAD2595334600C78C1E /* MapView.swift */ = {isa = PBXFileReference; lastKnownFileType = sourcecode.swift; path = MapView.swift; sourceTree = "<group>"; };
		90C68DB0259538B200C78C1E /* WebView.swift */ = {isa = PBXFileReference; lastKnownFileType = sourcecode.swift; path = WebView.swift; sourceTree = "<group>"; };
		90C68DB3259558F400C78C1E /* YouTubeOEmbed.swift */ = {isa = PBXFileReference; lastKnownFileType = sourcecode.swift; path = YouTubeOEmbed.swift; sourceTree = "<group>"; };
		90C97D6F2D7CAA51006195A8 /* BookmarkGenerator.swift */ = {isa = PBXFileReference; lastKnownFileType = sourcecode.swift; path = BookmarkGenerator.swift; sourceTree = "<group>"; };
		90C97D722D7CD323006195A8 /* FilterView.swift */ = {isa = PBXFileReference; lastKnownFileType = sourcecode.swift; path = FilterView.swift; sourceTree = "<group>"; };
		90CF0F3F26CD710400D1CBF4 /* LinkDTO.swift */ = {isa = PBXFileReference; lastKnownFileType = sourcecode.swift; path = LinkDTO.swift; sourceTree = "<group>"; };
		90CFB3372D7DDDE100ED620E /* LinkPilerApp.swift */ = {isa = PBXFileReference; lastKnownFileType = sourcecode.swift; path = LinkPilerApp.swift; sourceTree = "<group>"; };
		90CFB3392D7E056100ED620E /* SearchHelper.swift */ = {isa = PBXFileReference; lastKnownFileType = sourcecode.swift; path = SearchHelper.swift; sourceTree = "<group>"; };
		90CFB33C2D7E0DE400ED620E /* SearchAttributeSet.swift */ = {isa = PBXFileReference; lastKnownFileType = sourcecode.swift; path = SearchAttributeSet.swift; sourceTree = "<group>"; };
		90D25DBF26CEE1D5007F7819 /* AddTagView.swift */ = {isa = PBXFileReference; lastKnownFileType = sourcecode.swift; path = AddTagView.swift; sourceTree = "<group>"; };
		90D25DC126CEF2BB007F7819 /* TagDTO.swift */ = {isa = PBXFileReference; lastKnownFileType = sourcecode.swift; path = TagDTO.swift; sourceTree = "<group>"; };
		90DBCD7F2D93691C0059D2E2 /* LinkPilerShareExtensionMac.appex */ = {isa = PBXFileReference; explicitFileType = "wrapper.app-extension"; includeInIndex = 0; path = LinkPilerShareExtensionMac.appex; sourceTree = BUILT_PRODUCTS_DIR; };
		90F4833C278116B60085E26B /* LinkeEntity+Extension.swift */ = {isa = PBXFileReference; fileEncoding = 4; lastKnownFileType = sourcecode.swift; path = "LinkeEntity+Extension.swift"; sourceTree = "<group>"; };
		90F9CCBA26CC619300B875FE /* EditLinkView.swift */ = {isa = PBXFileReference; lastKnownFileType = sourcecode.swift; path = EditLinkView.swift; sourceTree = "<group>"; };
		90FD202126C9A78E008CC190 /* TypeIdentifier.swift */ = {isa = PBXFileReference; lastKnownFileType = sourcecode.swift; path = TypeIdentifier.swift; sourceTree = "<group>"; };
/* End PBXFileReference section */

/* Begin PBXFileSystemSynchronizedBuildFileExceptionSet section */
		90DBCD8F2D93691C0059D2E2 /* PBXFileSystemSynchronizedBuildFileExceptionSet */ = {
			isa = PBXFileSystemSynchronizedBuildFileExceptionSet;
			membershipExceptions = (
				Info.plist,
			);
			target = 90DBCD7E2D93691C0059D2E2 /* LinkPilerShareExtensionMac */;
		};
/* End PBXFileSystemSynchronizedBuildFileExceptionSet section */

/* Begin PBXFileSystemSynchronizedRootGroup section */
		90DBCD802D93691C0059D2E2 /* LinkPilerShareExtensionMac */ = {isa = PBXFileSystemSynchronizedRootGroup; exceptions = (90DBCD8F2D93691C0059D2E2 /* PBXFileSystemSynchronizedBuildFileExceptionSet */, ); explicitFileTypes = {}; explicitFolders = (); path = LinkPilerShareExtensionMac; sourceTree = "<group>"; };
/* End PBXFileSystemSynchronizedRootGroup section */

/* Begin PBXFrameworksBuildPhase section */
		902C9B8126C063000071CADB /* Frameworks */ = {
			isa = PBXFrameworksBuildPhase;
			buildActionMask = 2147483647;
			files = (
				9042938B286B81AE00DAAC6C /* Persistence in Frameworks */,
				90B3CDB82823336800BF6354 /* FaviconFinder in Frameworks */,
				90A5BB8E26C4776E0044A0EA /* CloudKit.framework in Frameworks */,
				90FD202026C95F94008CC190 /* SwiftSoup in Frameworks */,
			);
			runOnlyForDeploymentPostprocessing = 0;
		};
		903C728D280CC8A500FD7F71 /* Frameworks */ = {
			isa = PBXFrameworksBuildPhase;
			buildActionMask = 2147483647;
			files = (
				903C7294280CC8A500FD7F71 /* SwiftUI.framework in Frameworks */,
				903C7292280CC8A500FD7F71 /* WidgetKit.framework in Frameworks */,
			);
			runOnlyForDeploymentPostprocessing = 0;
		};
		905E9C4225897B870090BFC6 /* Frameworks */ = {
			isa = PBXFrameworksBuildPhase;
			buildActionMask = 2147483647;
			files = (
				9037CEFF2857D34100B5C7C9 /* Persistence in Frameworks */,
				90B3CDB628232F9000BF6354 /* FaviconFinder in Frameworks */,
				905E9C6325897DE00090BFC6 /* CloudKit.framework in Frameworks */,
				90A290A5258FA519004988D9 /* SwiftSoup in Frameworks */,
			);
			runOnlyForDeploymentPostprocessing = 0;
		};
		90DBCD7C2D93691C0059D2E2 /* Frameworks */ = {
			isa = PBXFrameworksBuildPhase;
			buildActionMask = 2147483647;
			files = (
			);
			runOnlyForDeploymentPostprocessing = 0;
		};
/* End PBXFrameworksBuildPhase section */

/* Begin PBXGroup section */
		900F3FF526D866CD00C63590 /* Labels */ = {
			isa = PBXGroup;
			children = (
				900F3FF626D8671900C63590 /* TagLabel.swift */,
				900F3FF826D86A0600C63590 /* NoteLabel.swift */,
				900F3FFA26D86AA500C63590 /* TitleLabel.swift */,
				900F3FFC26D86B6300C63590 /* LocationLabel.swift */,
				90C30D372829CC9500061A5F /* LinkLabel.swift */,
			);
			path = Labels;
			sourceTree = "<group>";
		};
		9023F54C258EBFC100192D42 /* Views */ = {
			isa = PBXGroup;
			children = (
				900F3FF526D866CD00C63590 /* Labels */,
				9009B7D1258C1715001B4A3F /* AddLinkView.swift */,
				90D25DBF26CEE1D5007F7819 /* AddTagView.swift */,
				90F9CCBA26CC619300B875FE /* EditLinkView.swift */,
				9009B7CE258C0F45001B4A3F /* LinkDetailView.swift */,
				903A4072282862F70080E46A /* LinkListView.swift */,
				903A4074282864380080E46A /* SelectTagsView.swift */,
				90C68DAD2595334600C78C1E /* MapView.swift */,
				90C68DB0259538B200C78C1E /* WebView.swift */,
				9030552D282C70610081E026 /* DateRangePickerView.swift */,
				90C97D722D7CD323006195A8 /* FilterView.swift */,
			);
			path = Views;
			sourceTree = "<group>";
		};
		902C9B8526C063000071CADB /* LinkCollectorShareExtension */ = {
			isa = PBXGroup;
			children = (
				902C9B9426C06E5C0071CADB /* Resources */,
				902C9B8F26C063000071CADB /* LinkCollectorShareExtension.entitlements */,
				902C9B8626C063000071CADB /* ShareViewController.swift */,
				902C9B8826C063000071CADB /* MainInterface.storyboard */,
				902C9B8B26C063000071CADB /* Info.plist */,
				90FD202126C9A78E008CC190 /* TypeIdentifier.swift */,
			);
			path = LinkCollectorShareExtension;
			sourceTree = "<group>";
		};
		902C9B9426C06E5C0071CADB /* Resources */ = {
			isa = PBXGroup;
			children = (
				902C9B9526C06EC70071CADB /* LinkCollectorShareExtension.js */,
			);
			path = Resources;
			sourceTree = "<group>";
		};
		903C7295280CC8A500FD7F71 /* LinkPilerWidget */ = {
			isa = PBXGroup;
			children = (
				903C7296280CC8A500FD7F71 /* LinkPilerWidget.swift */,
				9020871C281DEDD1005A5264 /* WidgetEntryView.swift */,
				9020871E281DEE19005A5264 /* Provider.swift */,
				903C7298280CC8A800FD7F71 /* Assets.xcassets */,
				903C729A280CC8A800FD7F71 /* Info.plist */,
			);
			path = LinkPilerWidget;
			sourceTree = "<group>";
		};
		905E9C3C25897B870090BFC6 = {
			isa = PBXGroup;
			children = (
				903C729E280CC8A800FD7F71 /* LinkPilerWidgetExtension.entitlements */,
				905E9C4725897B870090BFC6 /* LinkCollector */,
				902C9B8526C063000071CADB /* LinkCollectorShareExtension */,
				903C7295280CC8A500FD7F71 /* LinkPilerWidget */,
				90DBCD802D93691C0059D2E2 /* LinkPilerShareExtensionMac */,
				905E9C4625897B870090BFC6 /* Products */,
				905E9C6125897DE00090BFC6 /* Frameworks */,
			);
			sourceTree = "<group>";
		};
		905E9C4625897B870090BFC6 /* Products */ = {
			isa = PBXGroup;
			children = (
				905E9C4525897B870090BFC6 /* LinkPiler.app */,
				902C9B8426C063000071CADB /* LinkPilerShareExtension.appex */,
				903C7290280CC8A500FD7F71 /* LinkPilerWidgetExtension.appex */,
				90DBCD7F2D93691C0059D2E2 /* LinkPilerShareExtensionMac.appex */,
			);
			name = Products;
			sourceTree = "<group>";
		};
		905E9C4725897B870090BFC6 /* LinkCollector */ = {
			isa = PBXGroup;
			children = (
				90BAF15E2D90BBDA009C9E8B /* LaunchScreen.storyboard */,
				90C30D302829C3B800061A5F /* Persistence */,
				90C30D2F2829C39800061A5F /* ViewModel */,
				9023F54C258EBFC100192D42 /* Views */,
				90C56AC0258ACD1300D716BC /* Model */,
				905E9C6025897D960090BFC6 /* LinkCollector.entitlements */,
				905E9C4825897B870090BFC6 /* AppDelegate.swift */,
				905E9C4C25897B870090BFC6 /* ContentView.swift */,
				90CFB3372D7DDDE100ED620E /* LinkPilerApp.swift */,
				900EA7BA28305A380055CBC4 /* LinkPilerConstants.swift */,
				905E9C5125897B890090BFC6 /* Assets.xcassets */,
				905E9C5925897B890090BFC6 /* Info.plist */,
				905E9C4E25897B870090BFC6 /* LinkCollector.xcdatamodeld */,
				905E9C5325897B890090BFC6 /* Preview Content */,
			);
			path = LinkCollector;
			sourceTree = "<group>";
		};
		905E9C5325897B890090BFC6 /* Preview Content */ = {
			isa = PBXGroup;
			children = (
				905E9C5425897B890090BFC6 /* Preview Assets.xcassets */,
			);
			path = "Preview Content";
			sourceTree = "<group>";
		};
		905E9C6125897DE00090BFC6 /* Frameworks */ = {
			isa = PBXGroup;
			children = (
				905E9C6225897DE00090BFC6 /* CloudKit.framework */,
				903C7291280CC8A500FD7F71 /* WidgetKit.framework */,
				903C7293280CC8A500FD7F71 /* SwiftUI.framework */,
			);
			name = Frameworks;
			sourceTree = "<group>";
		};
		90C30D2F2829C39800061A5F /* ViewModel */ = {
			isa = PBXGroup;
			children = (
				9023F552258ECA3300192D42 /* LinkCollectorViewModel.swift */,
				90A290A7258FB663004988D9 /* HTMLParser.swift */,
				9078D06C2A9A5DDE0089CA21 /* HTMLParserError.swift */,
				90C68DB3259558F400C78C1E /* YouTubeOEmbed.swift */,
				9092A1E12A957EE600020880 /* PersistenceHelper.swift */,
				9078D06F2A9A8A880089CA21 /* LinkSpotlightDelegate.swift */,
				9081DB162AA4D9250070729B /* LinkCollectorDownloader.swift */,
				90C97D6F2D7CAA51006195A8 /* BookmarkGenerator.swift */,
				90CFB33C2D7E0DE400ED620E /* SearchAttributeSet.swift */,
				90CFB3392D7E056100ED620E /* SearchHelper.swift */,
			);
			path = ViewModel;
			sourceTree = "<group>";
		};
		90C30D302829C3B800061A5F /* Persistence */ = {
			isa = PBXGroup;
			children = (
				90F4833C278116B60085E26B /* LinkeEntity+Extension.swift */,
				9081E05726CDD1BF003C43D4 /* TagEntity+Extension.swift */,
			);
			path = Persistence;
			sourceTree = "<group>";
		};
		90C56AC0258ACD1300D716BC /* Model */ = {
			isa = PBXGroup;
			children = (
				90A290AA258FB695004988D9 /* Title.swift */,
				90CF0F3F26CD710400D1CBF4 /* LinkDTO.swift */,
				90D25DC126CEF2BB007F7819 /* TagDTO.swift */,
				9023C38A280E16010055E322 /* WidgetEntry.swift */,
			);
			path = Model;
			sourceTree = "<group>";
		};
/* End PBXGroup section */

/* Begin PBXNativeTarget section */
		902C9B8326C063000071CADB /* LinkPilerShareExtension */ = {
			isa = PBXNativeTarget;
			buildConfigurationList = 902C9B9026C063000071CADB /* Build configuration list for PBXNativeTarget "LinkPilerShareExtension" */;
			buildPhases = (
				902C9B8026C063000071CADB /* Sources */,
				902C9B8126C063000071CADB /* Frameworks */,
				902C9B8226C063000071CADB /* Resources */,
			);
			buildRules = (
			);
			dependencies = (
			);
			name = LinkPilerShareExtension;
			packageProductDependencies = (
				90FD201F26C95F94008CC190 /* SwiftSoup */,
				90B3CDB72823336800BF6354 /* FaviconFinder */,
				9042938A286B81AE00DAAC6C /* Persistence */,
			);
			productName = LinkCollectorShareExtension;
			productReference = 902C9B8426C063000071CADB /* LinkPilerShareExtension.appex */;
			productType = "com.apple.product-type.app-extension";
		};
		903C728F280CC8A500FD7F71 /* LinkPilerWidgetExtension */ = {
			isa = PBXNativeTarget;
			buildConfigurationList = 903C72A1280CC8A800FD7F71 /* Build configuration list for PBXNativeTarget "LinkPilerWidgetExtension" */;
			buildPhases = (
				903C728C280CC8A500FD7F71 /* Sources */,
				903C728D280CC8A500FD7F71 /* Frameworks */,
				903C728E280CC8A500FD7F71 /* Resources */,
			);
			buildRules = (
			);
			dependencies = (
			);
			name = LinkPilerWidgetExtension;
			productName = LinkPilerWidgetExtension;
			productReference = 903C7290280CC8A500FD7F71 /* LinkPilerWidgetExtension.appex */;
			productType = "com.apple.product-type.app-extension";
		};
		905E9C4425897B870090BFC6 /* LinkPiler */ = {
			isa = PBXNativeTarget;
			buildConfigurationList = 905E9C5C25897B890090BFC6 /* Build configuration list for PBXNativeTarget "LinkPiler" */;
			buildPhases = (
				905E9C4125897B870090BFC6 /* Sources */,
				905E9C4225897B870090BFC6 /* Frameworks */,
				905E9C4325897B870090BFC6 /* Resources */,
				902C9B9326C063000071CADB /* Embed Foundation Extensions */,
			);
			buildRules = (
			);
			dependencies = (
				902C9B8D26C063000071CADB /* PBXTargetDependency */,
				903C729C280CC8A800FD7F71 /* PBXTargetDependency */,
				90DBCD8B2D93691C0059D2E2 /* PBXTargetDependency */,
			);
			name = LinkPiler;
			packageProductDependencies = (
				90A290A4258FA519004988D9 /* SwiftSoup */,
				90B3CDB528232F9000BF6354 /* FaviconFinder */,
				9037CEFE2857D34100B5C7C9 /* Persistence */,
			);
			productName = LinkCollector;
			productReference = 905E9C4525897B870090BFC6 /* LinkPiler.app */;
			productType = "com.apple.product-type.application";
		};
		90DBCD7E2D93691C0059D2E2 /* LinkPilerShareExtensionMac */ = {
			isa = PBXNativeTarget;
			buildConfigurationList = 90DBCD902D93691C0059D2E2 /* Build configuration list for PBXNativeTarget "LinkPilerShareExtensionMac" */;
			buildPhases = (
				90DBCD7B2D93691C0059D2E2 /* Sources */,
				90DBCD7C2D93691C0059D2E2 /* Frameworks */,
				90DBCD7D2D93691C0059D2E2 /* Resources */,
			);
			buildRules = (
			);
			dependencies = (
			);
			fileSystemSynchronizedGroups = (
				90DBCD802D93691C0059D2E2 /* LinkPilerShareExtensionMac */,
			);
			name = LinkPilerShareExtensionMac;
			packageProductDependencies = (
			);
			productName = LinkPilerShareExtensionMac;
			productReference = 90DBCD7F2D93691C0059D2E2 /* LinkPilerShareExtensionMac.appex */;
			productType = "com.apple.product-type.app-extension";
		};
/* End PBXNativeTarget section */

/* Begin PBXProject section */
		905E9C3D25897B870090BFC6 /* Project object */ = {
			isa = PBXProject;
			attributes = {
				BuildIndependentTargetsInParallel = YES;
				LastSwiftUpdateCheck = 1620;
				LastUpgradeCheck = 1620;
				TargetAttributes = {
					902C9B8326C063000071CADB = {
						CreatedOnToolsVersion = 12.5.1;
					};
					903C728F280CC8A500FD7F71 = {
						CreatedOnToolsVersion = 13.3.1;
					};
					905E9C4425897B870090BFC6 = {
						CreatedOnToolsVersion = 12.3;
					};
					90DBCD7E2D93691C0059D2E2 = {
						CreatedOnToolsVersion = 16.2;
					};
				};
			};
			buildConfigurationList = 905E9C4025897B870090BFC6 /* Build configuration list for PBXProject "LinkPiler" */;
			compatibilityVersion = "Xcode 9.3";
			developmentRegion = en;
			hasScannedForEncodings = 0;
			knownRegions = (
				en,
				Base,
			);
			mainGroup = 905E9C3C25897B870090BFC6;
			packageReferences = (
				90A290A3258FA519004988D9 /* XCRemoteSwiftPackageReference "SwiftSoup" */,
				90B3CDB428232F9000BF6354 /* XCRemoteSwiftPackageReference "FaviconFinder" */,
				9037CEFD2857D34100B5C7C9 /* XCRemoteSwiftPackageReference "PersistenceSwift" */,
			);
			productRefGroup = 905E9C4625897B870090BFC6 /* Products */;
			projectDirPath = "";
			projectRoot = "";
			targets = (
				905E9C4425897B870090BFC6 /* LinkPiler */,
				902C9B8326C063000071CADB /* LinkPilerShareExtension */,
				903C728F280CC8A500FD7F71 /* LinkPilerWidgetExtension */,
				90DBCD7E2D93691C0059D2E2 /* LinkPilerShareExtensionMac */,
			);
		};
/* End PBXProject section */

/* Begin PBXResourcesBuildPhase section */
		902C9B8226C063000071CADB /* Resources */ = {
			isa = PBXResourcesBuildPhase;
			buildActionMask = 2147483647;
			files = (
				902C9B9626C06EC70071CADB /* LinkCollectorShareExtension.js in Resources */,
				902C9B8A26C063000071CADB /* MainInterface.storyboard in Resources */,
			);
			runOnlyForDeploymentPostprocessing = 0;
		};
		903C728E280CC8A500FD7F71 /* Resources */ = {
			isa = PBXResourcesBuildPhase;
			buildActionMask = 2147483647;
			files = (
				903C7299280CC8A800FD7F71 /* Assets.xcassets in Resources */,
			);
			runOnlyForDeploymentPostprocessing = 0;
		};
		905E9C4325897B870090BFC6 /* Resources */ = {
			isa = PBXResourcesBuildPhase;
			buildActionMask = 2147483647;
			files = (
				90BAF1602D90BBDA009C9E8B /* LaunchScreen.storyboard in Resources */,
				905E9C5525897B890090BFC6 /* Preview Assets.xcassets in Resources */,
				905E9C5225897B890090BFC6 /* Assets.xcassets in Resources */,
			);
			runOnlyForDeploymentPostprocessing = 0;
		};
		90DBCD7D2D93691C0059D2E2 /* Resources */ = {
			isa = PBXResourcesBuildPhase;
			buildActionMask = 2147483647;
			files = (
			);
			runOnlyForDeploymentPostprocessing = 0;
		};
/* End PBXResourcesBuildPhase section */

/* Begin PBXSourcesBuildPhase section */
		902C9B8026C063000071CADB /* Sources */ = {
			isa = PBXSourcesBuildPhase;
			buildActionMask = 2147483647;
			files = (
				9081DB182AA4D9250070729B /* LinkCollectorDownloader.swift in Sources */,
				90C97D702D7CAA51006195A8 /* BookmarkGenerator.swift in Sources */,
				902C9B8726C063000071CADB /* ShareViewController.swift in Sources */,
				90C30D362829C51B00061A5F /* YouTubeOEmbed.swift in Sources */,
				9078D0712A9A8A880089CA21 /* LinkSpotlightDelegate.swift in Sources */,
				9078D06E2A9A5DDE0089CA21 /* HTMLParserError.swift in Sources */,
				90FD202226C9A78E008CC190 /* TypeIdentifier.swift in Sources */,
				9092A1E32A957EE600020880 /* PersistenceHelper.swift in Sources */,
				90A5BB8F26C477C30044A0EA /* LinkCollector.xcdatamodeld in Sources */,
				90526CF226D0444B00836865 /* TagEntity+Extension.swift in Sources */,
				90C30D352829C50100061A5F /* HTMLParser.swift in Sources */,
				90F4833E278116DE0085E26B /* LinkeEntity+Extension.swift in Sources */,
				900EA7BE28305AD80055CBC4 /* LinkPilerConstants.swift in Sources */,
				90CFB33A2D7E056100ED620E /* SearchHelper.swift in Sources */,
				90CFB33D2D7E0DEA00ED620E /* SearchAttributeSet.swift in Sources */,
			);
			runOnlyForDeploymentPostprocessing = 0;
		};
		903C728C280CC8A500FD7F71 /* Sources */ = {
			isa = PBXSourcesBuildPhase;
			buildActionMask = 2147483647;
			files = (
				90C30D312829C3C200061A5F /* LinkeEntity+Extension.swift in Sources */,
				903C7297280CC8A500FD7F71 /* LinkPilerWidget.swift in Sources */,
				90208721281DEE38005A5264 /* WidgetEntryView.swift in Sources */,
				90208720281DEE1D005A5264 /* Provider.swift in Sources */,
				900EA7BF28305AD80055CBC4 /* LinkPilerConstants.swift in Sources */,
				900BF905281F43070046839D /* LinkCollector.xcdatamodeld in Sources */,
				9023C38C280E16130055E322 /* WidgetEntry.swift in Sources */,
			);
			runOnlyForDeploymentPostprocessing = 0;
		};
		905E9C4125897B870090BFC6 /* Sources */ = {
			isa = PBXSourcesBuildPhase;
			buildActionMask = 2147483647;
			files = (
				90A290AB258FB695004988D9 /* Title.swift in Sources */,
				9092A1E22A957EE600020880 /* PersistenceHelper.swift in Sources */,
				903A4075282864380080E46A /* SelectTagsView.swift in Sources */,
				90C97D732D7CD323006195A8 /* FilterView.swift in Sources */,
				90C68DB4259558F400C78C1E /* YouTubeOEmbed.swift in Sources */,
				90A290A8258FB663004988D9 /* HTMLParser.swift in Sources */,
				90D25DC026CEE1D5007F7819 /* AddTagView.swift in Sources */,
				9081E05826CDD1BF003C43D4 /* TagEntity+Extension.swift in Sources */,
				90C30D382829CC9500061A5F /* LinkLabel.swift in Sources */,
				900F3FFB26D86AA500C63590 /* TitleLabel.swift in Sources */,
				9023C38B280E16010055E322 /* WidgetEntry.swift in Sources */,
				900F3FF926D86A0600C63590 /* NoteLabel.swift in Sources */,
				9078D0702A9A8A880089CA21 /* LinkSpotlightDelegate.swift in Sources */,
				90C68DAE2595334600C78C1E /* MapView.swift in Sources */,
				90C97D712D7CAA51006195A8 /* BookmarkGenerator.swift in Sources */,
				9078D06D2A9A5DDE0089CA21 /* HTMLParserError.swift in Sources */,
				9009B7D2258C1715001B4A3F /* AddLinkView.swift in Sources */,
				90CFB33E2D7E0DEA00ED620E /* SearchAttributeSet.swift in Sources */,
				905E9C4925897B870090BFC6 /* AppDelegate.swift in Sources */,
				9009B7CF258C0F45001B4A3F /* LinkDetailView.swift in Sources */,
				9030552E282C70610081E026 /* DateRangePickerView.swift in Sources */,
				90CFB33B2D7E056100ED620E /* SearchHelper.swift in Sources */,
				90F4833D278116B60085E26B /* LinkeEntity+Extension.swift in Sources */,
				900F3FFD26D86B6300C63590 /* LocationLabel.swift in Sources */,
				90CF0F4026CD710400D1CBF4 /* LinkDTO.swift in Sources */,
				905E9C4D25897B870090BFC6 /* ContentView.swift in Sources */,
				90F9CCBB26CC619300B875FE /* EditLinkView.swift in Sources */,
				90C68DB1259538B200C78C1E /* WebView.swift in Sources */,
				905E9C5025897B870090BFC6 /* LinkCollector.xcdatamodeld in Sources */,
				900EA7BB28305A380055CBC4 /* LinkPilerConstants.swift in Sources */,
				900F3FF726D8671900C63590 /* TagLabel.swift in Sources */,
				9081DB172AA4D9250070729B /* LinkCollectorDownloader.swift in Sources */,
				903A4073282862F70080E46A /* LinkListView.swift in Sources */,
				90CFB3382D7DDDE100ED620E /* LinkPilerApp.swift in Sources */,
				9023F553258ECA3300192D42 /* LinkCollectorViewModel.swift in Sources */,
				90D25DC226CEF2BB007F7819 /* TagDTO.swift in Sources */,
			);
			runOnlyForDeploymentPostprocessing = 0;
		};
		90DBCD7B2D93691C0059D2E2 /* Sources */ = {
			isa = PBXSourcesBuildPhase;
			buildActionMask = 2147483647;
			files = (
			);
			runOnlyForDeploymentPostprocessing = 0;
		};
/* End PBXSourcesBuildPhase section */

/* Begin PBXTargetDependency section */
		902C9B8D26C063000071CADB /* PBXTargetDependency */ = {
			isa = PBXTargetDependency;
			platformFilter = ios;
			target = 902C9B8326C063000071CADB /* LinkPilerShareExtension */;
			targetProxy = 902C9B8C26C063000071CADB /* PBXContainerItemProxy */;
		};
		903C729C280CC8A800FD7F71 /* PBXTargetDependency */ = {
			isa = PBXTargetDependency;
			target = 903C728F280CC8A500FD7F71 /* LinkPilerWidgetExtension */;
			targetProxy = 903C729B280CC8A800FD7F71 /* PBXContainerItemProxy */;
		};
		90DBCD8B2D93691C0059D2E2 /* PBXTargetDependency */ = {
			isa = PBXTargetDependency;
			platformFilters = (
				macos,
			);
			target = 90DBCD7E2D93691C0059D2E2 /* LinkPilerShareExtensionMac */;
			targetProxy = 90DBCD8A2D93691C0059D2E2 /* PBXContainerItemProxy */;
		};
/* End PBXTargetDependency section */

/* Begin PBXVariantGroup section */
		902C9B8826C063000071CADB /* MainInterface.storyboard */ = {
			isa = PBXVariantGroup;
			children = (
				902C9B8926C063000071CADB /* Base */,
			);
			name = MainInterface.storyboard;
			sourceTree = "<group>";
		};
		90BAF15E2D90BBDA009C9E8B /* LaunchScreen.storyboard */ = {
			isa = PBXVariantGroup;
			children = (
				90BAF15F2D90BBDA009C9E8B /* Base */,
			);
			name = LaunchScreen.storyboard;
			sourceTree = "<group>";
		};
/* End PBXVariantGroup section */

/* Begin XCBuildConfiguration section */
		902C9B9126C063000071CADB /* Debug */ = {
			isa = XCBuildConfiguration;
			buildSettings = {
				CODE_SIGN_ENTITLEMENTS = LinkCollectorShareExtension/LinkCollectorShareExtension.entitlements;
				CODE_SIGN_STYLE = Automatic;
				CURRENT_PROJECT_VERSION = 41;
				DEVELOPMENT_TEAM = U8VSJXRJTQ;
				INFOPLIST_FILE = LinkCollectorShareExtension/Info.plist;
				IPHONEOS_DEPLOYMENT_TARGET = 18.0;
				LD_RUNPATH_SEARCH_PATHS = (
					"$(inherited)",
					"@executable_path/Frameworks",
					"@executable_path/../../Frameworks",
				);
				MARKETING_VERSION = 1.6;
				PRODUCT_BUNDLE_IDENTIFIER = com.resonance.jaeseung.LinkCollector.LinkCollectorShareExtension;
				PRODUCT_NAME = "$(TARGET_NAME)";
				REGISTER_APP_GROUPS = NO;
				SKIP_INSTALL = YES;
				SUPPORTED_PLATFORMS = "iphoneos iphonesimulator";
				SUPPORTS_MACCATALYST = NO;
				SUPPORTS_MAC_DESIGNED_FOR_IPHONE_IPAD = NO;
				SWIFT_STRICT_CONCURRENCY = complete;
				SWIFT_VERSION = 5.0;
				TARGETED_DEVICE_FAMILY = "1,2";
			};
			name = Debug;
		};
		902C9B9226C063000071CADB /* Release */ = {
			isa = XCBuildConfiguration;
			buildSettings = {
				CODE_SIGN_ENTITLEMENTS = LinkCollectorShareExtension/LinkCollectorShareExtension.entitlements;
				CODE_SIGN_STYLE = Automatic;
				CURRENT_PROJECT_VERSION = 41;
				DEVELOPMENT_TEAM = U8VSJXRJTQ;
				INFOPLIST_FILE = LinkCollectorShareExtension/Info.plist;
				IPHONEOS_DEPLOYMENT_TARGET = 18.0;
				LD_RUNPATH_SEARCH_PATHS = (
					"$(inherited)",
					"@executable_path/Frameworks",
					"@executable_path/../../Frameworks",
				);
				MARKETING_VERSION = 1.6;
				PRODUCT_BUNDLE_IDENTIFIER = com.resonance.jaeseung.LinkCollector.LinkCollectorShareExtension;
				PRODUCT_NAME = "$(TARGET_NAME)";
				REGISTER_APP_GROUPS = NO;
				SKIP_INSTALL = YES;
				SUPPORTED_PLATFORMS = "iphoneos iphonesimulator";
				SUPPORTS_MACCATALYST = NO;
				SUPPORTS_MAC_DESIGNED_FOR_IPHONE_IPAD = NO;
				SWIFT_STRICT_CONCURRENCY = complete;
				SWIFT_VERSION = 5.0;
				TARGETED_DEVICE_FAMILY = "1,2";
			};
			name = Release;
		};
		903C729F280CC8A800FD7F71 /* Debug */ = {
			isa = XCBuildConfiguration;
			buildSettings = {
				ASSETCATALOG_COMPILER_GLOBAL_ACCENT_COLOR_NAME = AccentColor;
				ASSETCATALOG_COMPILER_WIDGET_BACKGROUND_COLOR_NAME = WidgetBackground;
				CLANG_CXX_LANGUAGE_STANDARD = "gnu++17";
				CODE_SIGN_ENTITLEMENTS = LinkPilerWidgetExtension.entitlements;
				CODE_SIGN_STYLE = Automatic;
				CURRENT_PROJECT_VERSION = 41;
				DEAD_CODE_STRIPPING = YES;
				DEVELOPMENT_TEAM = U8VSJXRJTQ;
				GENERATE_INFOPLIST_FILE = YES;
				INFOPLIST_FILE = LinkPilerWidget/Info.plist;
				INFOPLIST_KEY_CFBundleDisplayName = LinkPilerWidget;
				INFOPLIST_KEY_NSHumanReadableCopyright = "";
				IPHONEOS_DEPLOYMENT_TARGET = 18.0;
				LD_RUNPATH_SEARCH_PATHS = (
					"$(inherited)",
					"@executable_path/Frameworks",
					"@executable_path/../../Frameworks",
				);
				MACOSX_DEPLOYMENT_TARGET = 15.0;
				MARKETING_VERSION = 1.6;
				PRODUCT_BUNDLE_IDENTIFIER = com.resonance.jaeseung.LinkCollector.LinkPilerWidget;
				PRODUCT_NAME = "$(TARGET_NAME)";
				REGISTER_APP_GROUPS = NO;
				SKIP_INSTALL = YES;
				SUPPORTED_PLATFORMS = "iphoneos iphonesimulator macosx";
				SUPPORTS_MACCATALYST = NO;
				SUPPORTS_MAC_DESIGNED_FOR_IPHONE_IPAD = NO;
				SWIFT_EMIT_LOC_STRINGS = YES;
				SWIFT_STRICT_CONCURRENCY = complete;
				SWIFT_VERSION = 5.0;
				TARGETED_DEVICE_FAMILY = "1,2";
			};
			name = Debug;
		};
		903C72A0280CC8A800FD7F71 /* Release */ = {
			isa = XCBuildConfiguration;
			buildSettings = {
				ASSETCATALOG_COMPILER_GLOBAL_ACCENT_COLOR_NAME = AccentColor;
				ASSETCATALOG_COMPILER_WIDGET_BACKGROUND_COLOR_NAME = WidgetBackground;
				CLANG_CXX_LANGUAGE_STANDARD = "gnu++17";
				CODE_SIGN_ENTITLEMENTS = LinkPilerWidgetExtension.entitlements;
				CODE_SIGN_STYLE = Automatic;
				CURRENT_PROJECT_VERSION = 41;
				DEAD_CODE_STRIPPING = YES;
				DEVELOPMENT_TEAM = U8VSJXRJTQ;
				GENERATE_INFOPLIST_FILE = YES;
				INFOPLIST_FILE = LinkPilerWidget/Info.plist;
				INFOPLIST_KEY_CFBundleDisplayName = LinkPilerWidget;
				INFOPLIST_KEY_NSHumanReadableCopyright = "";
				IPHONEOS_DEPLOYMENT_TARGET = 18.0;
				LD_RUNPATH_SEARCH_PATHS = (
					"$(inherited)",
					"@executable_path/Frameworks",
					"@executable_path/../../Frameworks",
				);
				MACOSX_DEPLOYMENT_TARGET = 15.0;
				MARKETING_VERSION = 1.6;
				PRODUCT_BUNDLE_IDENTIFIER = com.resonance.jaeseung.LinkCollector.LinkPilerWidget;
				PRODUCT_NAME = "$(TARGET_NAME)";
				REGISTER_APP_GROUPS = NO;
				SKIP_INSTALL = YES;
				SUPPORTED_PLATFORMS = "iphoneos iphonesimulator macosx";
				SUPPORTS_MACCATALYST = NO;
				SUPPORTS_MAC_DESIGNED_FOR_IPHONE_IPAD = NO;
				SWIFT_EMIT_LOC_STRINGS = YES;
				SWIFT_STRICT_CONCURRENCY = complete;
				SWIFT_VERSION = 5.0;
				TARGETED_DEVICE_FAMILY = "1,2";
			};
			name = Release;
		};
		905E9C5A25897B890090BFC6 /* Debug */ = {
			isa = XCBuildConfiguration;
			buildSettings = {
				ALWAYS_SEARCH_USER_PATHS = NO;
				CLANG_ANALYZER_NONNULL = YES;
				CLANG_ANALYZER_NUMBER_OBJECT_CONVERSION = YES_AGGRESSIVE;
				CLANG_CXX_LANGUAGE_STANDARD = "gnu++14";
				CLANG_CXX_LIBRARY = "libc++";
				CLANG_ENABLE_MODULES = YES;
				CLANG_ENABLE_OBJC_ARC = YES;
				CLANG_ENABLE_OBJC_WEAK = YES;
				CLANG_WARN_BLOCK_CAPTURE_AUTORELEASING = YES;
				CLANG_WARN_BOOL_CONVERSION = YES;
				CLANG_WARN_COMMA = YES;
				CLANG_WARN_CONSTANT_CONVERSION = YES;
				CLANG_WARN_DEPRECATED_OBJC_IMPLEMENTATIONS = YES;
				CLANG_WARN_DIRECT_OBJC_ISA_USAGE = YES_ERROR;
				CLANG_WARN_DOCUMENTATION_COMMENTS = YES;
				CLANG_WARN_EMPTY_BODY = YES;
				CLANG_WARN_ENUM_CONVERSION = YES;
				CLANG_WARN_INFINITE_RECURSION = YES;
				CLANG_WARN_INT_CONVERSION = YES;
				CLANG_WARN_NON_LITERAL_NULL_CONVERSION = YES;
				CLANG_WARN_OBJC_IMPLICIT_RETAIN_SELF = YES;
				CLANG_WARN_OBJC_LITERAL_CONVERSION = YES;
				CLANG_WARN_OBJC_ROOT_CLASS = YES_ERROR;
				CLANG_WARN_QUOTED_INCLUDE_IN_FRAMEWORK_HEADER = YES;
				CLANG_WARN_RANGE_LOOP_ANALYSIS = YES;
				CLANG_WARN_STRICT_PROTOTYPES = YES;
				CLANG_WARN_SUSPICIOUS_MOVE = YES;
				CLANG_WARN_UNGUARDED_AVAILABILITY = YES_AGGRESSIVE;
				CLANG_WARN_UNREACHABLE_CODE = YES;
				CLANG_WARN__DUPLICATE_METHOD_MATCH = YES;
				COPY_PHASE_STRIP = NO;
				DEAD_CODE_STRIPPING = YES;
				DEBUG_INFORMATION_FORMAT = dwarf;
				ENABLE_STRICT_OBJC_MSGSEND = YES;
				ENABLE_TESTABILITY = YES;
				ENABLE_USER_SCRIPT_SANDBOXING = YES;
				GCC_C_LANGUAGE_STANDARD = gnu11;
				GCC_DYNAMIC_NO_PIC = NO;
				GCC_NO_COMMON_BLOCKS = YES;
				GCC_OPTIMIZATION_LEVEL = 0;
				GCC_PREPROCESSOR_DEFINITIONS = (
					"DEBUG=1",
					"$(inherited)",
				);
				GCC_WARN_64_TO_32_BIT_CONVERSION = YES;
				GCC_WARN_ABOUT_RETURN_TYPE = YES_ERROR;
				GCC_WARN_UNDECLARED_SELECTOR = YES;
				GCC_WARN_UNINITIALIZED_AUTOS = YES_AGGRESSIVE;
				GCC_WARN_UNUSED_FUNCTION = YES;
				GCC_WARN_UNUSED_VARIABLE = YES;
				IPHONEOS_DEPLOYMENT_TARGET = 15.0;
				MTL_ENABLE_DEBUG_INFO = INCLUDE_SOURCE;
				MTL_FAST_MATH = YES;
				ONLY_ACTIVE_ARCH = YES;
				SDKROOT = iphoneos;
				SWIFT_ACTIVE_COMPILATION_CONDITIONS = DEBUG;
				SWIFT_OPTIMIZATION_LEVEL = "-Onone";
				SWIFT_STRICT_CONCURRENCY = complete;
				SWIFT_VERSION = 5.0;
			};
			name = Debug;
		};
		905E9C5B25897B890090BFC6 /* Release */ = {
			isa = XCBuildConfiguration;
			buildSettings = {
				ALWAYS_SEARCH_USER_PATHS = NO;
				CLANG_ANALYZER_NONNULL = YES;
				CLANG_ANALYZER_NUMBER_OBJECT_CONVERSION = YES_AGGRESSIVE;
				CLANG_CXX_LANGUAGE_STANDARD = "gnu++14";
				CLANG_CXX_LIBRARY = "libc++";
				CLANG_ENABLE_MODULES = YES;
				CLANG_ENABLE_OBJC_ARC = YES;
				CLANG_ENABLE_OBJC_WEAK = YES;
				CLANG_WARN_BLOCK_CAPTURE_AUTORELEASING = YES;
				CLANG_WARN_BOOL_CONVERSION = YES;
				CLANG_WARN_COMMA = YES;
				CLANG_WARN_CONSTANT_CONVERSION = YES;
				CLANG_WARN_DEPRECATED_OBJC_IMPLEMENTATIONS = YES;
				CLANG_WARN_DIRECT_OBJC_ISA_USAGE = YES_ERROR;
				CLANG_WARN_DOCUMENTATION_COMMENTS = YES;
				CLANG_WARN_EMPTY_BODY = YES;
				CLANG_WARN_ENUM_CONVERSION = YES;
				CLANG_WARN_INFINITE_RECURSION = YES;
				CLANG_WARN_INT_CONVERSION = YES;
				CLANG_WARN_NON_LITERAL_NULL_CONVERSION = YES;
				CLANG_WARN_OBJC_IMPLICIT_RETAIN_SELF = YES;
				CLANG_WARN_OBJC_LITERAL_CONVERSION = YES;
				CLANG_WARN_OBJC_ROOT_CLASS = YES_ERROR;
				CLANG_WARN_QUOTED_INCLUDE_IN_FRAMEWORK_HEADER = YES;
				CLANG_WARN_RANGE_LOOP_ANALYSIS = YES;
				CLANG_WARN_STRICT_PROTOTYPES = YES;
				CLANG_WARN_SUSPICIOUS_MOVE = YES;
				CLANG_WARN_UNGUARDED_AVAILABILITY = YES_AGGRESSIVE;
				CLANG_WARN_UNREACHABLE_CODE = YES;
				CLANG_WARN__DUPLICATE_METHOD_MATCH = YES;
				COPY_PHASE_STRIP = NO;
				DEAD_CODE_STRIPPING = YES;
				DEBUG_INFORMATION_FORMAT = "dwarf-with-dsym";
				ENABLE_NS_ASSERTIONS = NO;
				ENABLE_STRICT_OBJC_MSGSEND = YES;
				ENABLE_USER_SCRIPT_SANDBOXING = YES;
				GCC_C_LANGUAGE_STANDARD = gnu11;
				GCC_NO_COMMON_BLOCKS = YES;
				GCC_WARN_64_TO_32_BIT_CONVERSION = YES;
				GCC_WARN_ABOUT_RETURN_TYPE = YES_ERROR;
				GCC_WARN_UNDECLARED_SELECTOR = YES;
				GCC_WARN_UNINITIALIZED_AUTOS = YES_AGGRESSIVE;
				GCC_WARN_UNUSED_FUNCTION = YES;
				GCC_WARN_UNUSED_VARIABLE = YES;
				IPHONEOS_DEPLOYMENT_TARGET = 15.0;
				MTL_ENABLE_DEBUG_INFO = NO;
				MTL_FAST_MATH = YES;
				SDKROOT = iphoneos;
				SWIFT_COMPILATION_MODE = wholemodule;
				SWIFT_OPTIMIZATION_LEVEL = "-O";
				SWIFT_STRICT_CONCURRENCY = complete;
				SWIFT_VERSION = 5.0;
				VALIDATE_PRODUCT = YES;
			};
			name = Release;
		};
		905E9C5D25897B890090BFC6 /* Debug */ = {
			isa = XCBuildConfiguration;
			buildSettings = {
				ASSETCATALOG_COMPILER_APPICON_NAME = AppIcon;
				ASSETCATALOG_COMPILER_GLOBAL_ACCENT_COLOR_NAME = AccentColor;
				CODE_SIGN_ENTITLEMENTS = LinkCollector/LinkCollector.entitlements;
				CODE_SIGN_STYLE = Automatic;
				CURRENT_PROJECT_VERSION = 41;
				DEVELOPMENT_ASSET_PATHS = "\"LinkCollector/Preview Content\"";
				DEVELOPMENT_TEAM = U8VSJXRJTQ;
				ENABLE_PREVIEWS = YES;
				INFOPLIST_FILE = LinkCollector/Info.plist;
				INFOPLIST_KEY_LSApplicationCategoryType = "public.app-category.utilities";
				IPHONEOS_DEPLOYMENT_TARGET = 18.0;
				LD_RUNPATH_SEARCH_PATHS = (
					"$(inherited)",
					"@executable_path/Frameworks",
				);
				MACOSX_DEPLOYMENT_TARGET = 15.0;
				MARKETING_VERSION = 1.6;
				PRODUCT_BUNDLE_IDENTIFIER = com.resonance.jaeseung.LinkCollector;
				PRODUCT_NAME = "$(TARGET_NAME)";
				REGISTER_APP_GROUPS = NO;
				SUPPORTED_PLATFORMS = "iphoneos iphonesimulator macosx";
				SUPPORTS_MACCATALYST = NO;
				SUPPORTS_MAC_DESIGNED_FOR_IPHONE_IPAD = NO;
				SWIFT_STRICT_CONCURRENCY = complete;
				SWIFT_VERSION = 5.0;
				TARGETED_DEVICE_FAMILY = "1,2";
			};
			name = Debug;
		};
		905E9C5E25897B890090BFC6 /* Release */ = {
			isa = XCBuildConfiguration;
			buildSettings = {
				ASSETCATALOG_COMPILER_APPICON_NAME = AppIcon;
				ASSETCATALOG_COMPILER_GLOBAL_ACCENT_COLOR_NAME = AccentColor;
				CODE_SIGN_ENTITLEMENTS = LinkCollector/LinkCollector.entitlements;
				CODE_SIGN_STYLE = Automatic;
				CURRENT_PROJECT_VERSION = 41;
				DEVELOPMENT_ASSET_PATHS = "\"LinkCollector/Preview Content\"";
				DEVELOPMENT_TEAM = U8VSJXRJTQ;
				ENABLE_PREVIEWS = YES;
				INFOPLIST_FILE = LinkCollector/Info.plist;
				INFOPLIST_KEY_LSApplicationCategoryType = "public.app-category.utilities";
				IPHONEOS_DEPLOYMENT_TARGET = 18.0;
				LD_RUNPATH_SEARCH_PATHS = (
					"$(inherited)",
					"@executable_path/Frameworks",
				);
				MACOSX_DEPLOYMENT_TARGET = 15.0;
				MARKETING_VERSION = 1.6;
				PRODUCT_BUNDLE_IDENTIFIER = com.resonance.jaeseung.LinkCollector;
				PRODUCT_NAME = "$(TARGET_NAME)";
				REGISTER_APP_GROUPS = NO;
				SUPPORTED_PLATFORMS = "iphoneos iphonesimulator macosx";
				SUPPORTS_MACCATALYST = NO;
				SUPPORTS_MAC_DESIGNED_FOR_IPHONE_IPAD = NO;
				SWIFT_STRICT_CONCURRENCY = complete;
				SWIFT_VERSION = 5.0;
				TARGETED_DEVICE_FAMILY = "1,2";
			};
			name = Release;
		};
		90DBCD8D2D93691C0059D2E2 /* Debug */ = {
			isa = XCBuildConfiguration;
			buildSettings = {
				ASSETCATALOG_COMPILER_GENERATE_SWIFT_ASSET_SYMBOL_EXTENSIONS = YES;
				CLANG_CXX_LANGUAGE_STANDARD = "gnu++20";
				CODE_SIGN_ENTITLEMENTS = LinkPilerShareExtensionMac/LinkPilerShareExtensionMac.entitlements;
				CODE_SIGN_STYLE = Automatic;
				COMBINE_HIDPI_IMAGES = YES;
				CURRENT_PROJECT_VERSION = 1;
				DEVELOPMENT_TEAM = U8VSJXRJTQ;
				ENABLE_HARDENED_RUNTIME = YES;
				GCC_C_LANGUAGE_STANDARD = gnu17;
				GENERATE_INFOPLIST_FILE = YES;
				INFOPLIST_FILE = LinkPilerShareExtensionMac/Info.plist;
				INFOPLIST_KEY_CFBundleDisplayName = LinkPilerShareExtensionMac;
				INFOPLIST_KEY_NSHumanReadableCopyright = "";
				LD_RUNPATH_SEARCH_PATHS = (
					"$(inherited)",
					"@executable_path/../Frameworks",
					"@executable_path/../../../../Frameworks",
				);
				LOCALIZATION_PREFERS_STRING_CATALOGS = YES;
				MACOSX_DEPLOYMENT_TARGET = 15.2;
				MARKETING_VERSION = 1.0;
				PRODUCT_BUNDLE_IDENTIFIER = com.resonance.jaeseung.LinkCollector.LinkPilerShareExtensionMac;
				PRODUCT_NAME = "$(TARGET_NAME)";
				SDKROOT = macosx;
				SKIP_INSTALL = YES;
				SWIFT_ACTIVE_COMPILATION_CONDITIONS = "DEBUG $(inherited)";
				SWIFT_EMIT_LOC_STRINGS = YES;
				SWIFT_VERSION = 5.0;
			};
			name = Debug;
		};
		90DBCD8E2D93691C0059D2E2 /* Release */ = {
			isa = XCBuildConfiguration;
			buildSettings = {
				ASSETCATALOG_COMPILER_GENERATE_SWIFT_ASSET_SYMBOL_EXTENSIONS = YES;
				CLANG_CXX_LANGUAGE_STANDARD = "gnu++20";
				CODE_SIGN_ENTITLEMENTS = LinkPilerShareExtensionMac/LinkPilerShareExtensionMac.entitlements;
				CODE_SIGN_STYLE = Automatic;
				COMBINE_HIDPI_IMAGES = YES;
				CURRENT_PROJECT_VERSION = 1;
				DEVELOPMENT_TEAM = U8VSJXRJTQ;
				ENABLE_HARDENED_RUNTIME = YES;
				GCC_C_LANGUAGE_STANDARD = gnu17;
				GENERATE_INFOPLIST_FILE = YES;
				INFOPLIST_FILE = LinkPilerShareExtensionMac/Info.plist;
				INFOPLIST_KEY_CFBundleDisplayName = LinkPilerShareExtensionMac;
				INFOPLIST_KEY_NSHumanReadableCopyright = "";
				LD_RUNPATH_SEARCH_PATHS = (
					"$(inherited)",
					"@executable_path/../Frameworks",
					"@executable_path/../../../../Frameworks",
				);
				LOCALIZATION_PREFERS_STRING_CATALOGS = YES;
				MACOSX_DEPLOYMENT_TARGET = 15.2;
				MARKETING_VERSION = 1.0;
				PRODUCT_BUNDLE_IDENTIFIER = com.resonance.jaeseung.LinkCollector.LinkPilerShareExtensionMac;
				PRODUCT_NAME = "$(TARGET_NAME)";
				SDKROOT = macosx;
				SKIP_INSTALL = YES;
				SWIFT_EMIT_LOC_STRINGS = YES;
				SWIFT_VERSION = 5.0;
			};
			name = Release;
		};
/* End XCBuildConfiguration section */

/* Begin XCConfigurationList section */
		902C9B9026C063000071CADB /* Build configuration list for PBXNativeTarget "LinkPilerShareExtension" */ = {
			isa = XCConfigurationList;
			buildConfigurations = (
				902C9B9126C063000071CADB /* Debug */,
				902C9B9226C063000071CADB /* Release */,
			);
			defaultConfigurationIsVisible = 0;
			defaultConfigurationName = Release;
		};
		903C72A1280CC8A800FD7F71 /* Build configuration list for PBXNativeTarget "LinkPilerWidgetExtension" */ = {
			isa = XCConfigurationList;
			buildConfigurations = (
				903C729F280CC8A800FD7F71 /* Debug */,
				903C72A0280CC8A800FD7F71 /* Release */,
			);
			defaultConfigurationIsVisible = 0;
			defaultConfigurationName = Release;
		};
		905E9C4025897B870090BFC6 /* Build configuration list for PBXProject "LinkPiler" */ = {
			isa = XCConfigurationList;
			buildConfigurations = (
				905E9C5A25897B890090BFC6 /* Debug */,
				905E9C5B25897B890090BFC6 /* Release */,
			);
			defaultConfigurationIsVisible = 0;
			defaultConfigurationName = Release;
		};
		905E9C5C25897B890090BFC6 /* Build configuration list for PBXNativeTarget "LinkPiler" */ = {
			isa = XCConfigurationList;
			buildConfigurations = (
				905E9C5D25897B890090BFC6 /* Debug */,
				905E9C5E25897B890090BFC6 /* Release */,
			);
			defaultConfigurationIsVisible = 0;
			defaultConfigurationName = Release;
		};
		90DBCD902D93691C0059D2E2 /* Build configuration list for PBXNativeTarget "LinkPilerShareExtensionMac" */ = {
			isa = XCConfigurationList;
			buildConfigurations = (
				90DBCD8D2D93691C0059D2E2 /* Debug */,
				90DBCD8E2D93691C0059D2E2 /* Release */,
			);
			defaultConfigurationIsVisible = 0;
			defaultConfigurationName = Release;
		};
/* End XCConfigurationList section */

/* Begin XCRemoteSwiftPackageReference section */
		9037CEFD2857D34100B5C7C9 /* XCRemoteSwiftPackageReference "PersistenceSwift" */ = {
			isa = XCRemoteSwiftPackageReference;
			repositoryURL = "https://github.com/jaeseung16/PersistenceSwift";
			requirement = {
				kind = exactVersion;
				version = 0.2.15;
			};
		};
		90A290A3258FA519004988D9 /* XCRemoteSwiftPackageReference "SwiftSoup" */ = {
			isa = XCRemoteSwiftPackageReference;
			repositoryURL = "https://github.com/scinfu/SwiftSoup";
			requirement = {
				kind = upToNextMajorVersion;
				minimumVersion = 2.6.0;
			};
		};
		90B3CDB428232F9000BF6354 /* XCRemoteSwiftPackageReference "FaviconFinder" */ = {
			isa = XCRemoteSwiftPackageReference;
			repositoryURL = "https://github.com/will-lumley/FaviconFinder";
			requirement = {
				kind = upToNextMinorVersion;
				minimumVersion = 5.1.0;
			};
		};
/* End XCRemoteSwiftPackageReference section */

/* Begin XCSwiftPackageProductDependency section */
		9037CEFE2857D34100B5C7C9 /* Persistence */ = {
			isa = XCSwiftPackageProductDependency;
			package = 9037CEFD2857D34100B5C7C9 /* XCRemoteSwiftPackageReference "PersistenceSwift" */;
			productName = Persistence;
		};
		9042938A286B81AE00DAAC6C /* Persistence */ = {
			isa = XCSwiftPackageProductDependency;
			package = 9037CEFD2857D34100B5C7C9 /* XCRemoteSwiftPackageReference "PersistenceSwift" */;
			productName = Persistence;
		};
		90A290A4258FA519004988D9 /* SwiftSoup */ = {
			isa = XCSwiftPackageProductDependency;
			package = 90A290A3258FA519004988D9 /* XCRemoteSwiftPackageReference "SwiftSoup" */;
			productName = SwiftSoup;
		};
		90B3CDB528232F9000BF6354 /* FaviconFinder */ = {
			isa = XCSwiftPackageProductDependency;
			package = 90B3CDB428232F9000BF6354 /* XCRemoteSwiftPackageReference "FaviconFinder" */;
			productName = FaviconFinder;
		};
		90B3CDB72823336800BF6354 /* FaviconFinder */ = {
			isa = XCSwiftPackageProductDependency;
			package = 90B3CDB428232F9000BF6354 /* XCRemoteSwiftPackageReference "FaviconFinder" */;
			productName = FaviconFinder;
		};
		90FD201F26C95F94008CC190 /* SwiftSoup */ = {
			isa = XCSwiftPackageProductDependency;
			package = 90A290A3258FA519004988D9 /* XCRemoteSwiftPackageReference "SwiftSoup" */;
			productName = SwiftSoup;
		};
/* End XCSwiftPackageProductDependency section */

/* Begin XCVersionGroup section */
		905E9C4E25897B870090BFC6 /* LinkCollector.xcdatamodeld */ = {
			isa = XCVersionGroup;
			children = (
				9026D8CE2820893F00D16BAA /* LinkCollector 2.xcdatamodel */,
				905E9C4F25897B870090BFC6 /* LinkCollector.xcdatamodel */,
			);
			currentVersion = 9026D8CE2820893F00D16BAA /* LinkCollector 2.xcdatamodel */;
			path = LinkCollector.xcdatamodeld;
			sourceTree = "<group>";
			versionGroupType = wrapper.xcdatamodel;
		};
/* End XCVersionGroup section */
	};
	rootObject = 905E9C3D25897B870090BFC6 /* Project object */;
}
