{
  "originHash" : "a3b65650572c69389607c6d01cf44f32118cbaa7dcb478ac84fb15b889b1dc6c",
  "pins" : [
    {
      "identity" : "faviconfinder",
      "kind" : "remoteSourceControl",
      "location" : "https://github.com/will-lumley/FaviconFinder",
      "state" : {
        "revision" : "9279f4371f4877ca302ba3bf1015f3f58ae4a56c",
        "version" : "5.1.4"
      }
    },
    {
      "identity" : "persistenceswift",
      "kind" : "remoteSourceControl",
      "location" : "https://github.com/jaeseung16/PersistenceSwift",
      "state" : {
        "revision" : "8d9a37463003ee4287c198d6ecf8ae7c6a4dc537",
        "version" : "0.2.15"
      }
    },
    {
      "identity" : "swiftsoup",
      "kind" : "remoteSourceControl",
      "location" : "https://github.com/scinfu/SwiftSoup",
      "state" : {
        "revision" : "18ad8b8ff0f03f3c0a5544ffccfa2ea1c051ae6e",
        "version" : "2.8.0"
      }
    }
  ],
  "version" : 3
}
