{
  "originHash" : "a3b65650572c69389607c6d01cf44f32118cbaa7dcb478ac84fb15b889b1dc6c",
  "pins" : [
    {
      "identity" : "faviconfinder",
      "kind" : "remoteSourceControl",
      "location" : "https://github.com/will-lumley/FaviconFinder",
      "state" : {
        "revision" : "9279f4371f4877ca302ba3bf1015f3f58ae4a56c",
        "version" : "5.1.4"
      }
    },
    {
      "identity" : "persistenceswift",
      "kind" : "remoteSourceControl",
      "location" : "https://github.com/jaeseung16/PersistenceSwift",
      "state" : {
        "branch" : "0.2.12",
        "revision" : "669818c13d6a6a3aeecd3db24ba389a53e4fcbbc"
      }
    },
    {
      "identity" : "swiftsoup",
      "kind" : "remoteSourceControl",
      "location" : "https://github.com/scinfu/SwiftSoup",
      "state" : {
        "revision" : "6b4930da67b462d3f200472c902dd016d37a554d",
        "version" : "2.7.7"
      }
    }
  ],
  "version" : 3
}
